// !$*UTF8*$!
{
	archiveVersion = 1;
	classes = {
	};
	objectVersion = 46;
	objects = {

/* Begin PBXBuildFile section */
		EA75FC9C1C5A5D8D00B10E87 /* SJSListViewController.m in Sources */ = {isa = PBXBuildFile; fileRef = EA75FC9A1C5A5D8D00B10E87 /* SJSListViewController.m */; };
		EA75FC9D1C5A5D8D00B10E87 /* SJSListViewController.xib in Resources */ = {isa = PBXBuildFile; fileRef = EA75FC9B1C5A5D8D00B10E87 /* SJSListViewController.xib */; };
		EA75FCA21C5A607E00B10E87 /* SJSStatistricsViewController.m in Sources */ = {isa = PBXBuildFile; fileRef = EA75FCA01C5A607E00B10E87 /* SJSStatistricsViewController.m */; };
		EA75FCA31C5A607E00B10E87 /* SJSStatistricsViewController.xib in Resources */ = {isa = PBXBuildFile; fileRef = EA75FCA11C5A607E00B10E87 /* SJSStatistricsViewController.xib */; };
		EA8488B71C58B4ED00F4D705 /* collection_sel_tabbar.png in Resources */ = {isa = PBXBuildFile; fileRef = EA8488AB1C58B4ED00F4D705 /* collection_sel_tabbar.png */; };
		EA8488B81C58B4ED00F4D705 /* collection_sel_tabbar@2x.png in Resources */ = {isa = PBXBuildFile; fileRef = EA8488AC1C58B4ED00F4D705 /* collection_sel_tabbar@2x.png */; };
		EA8488B91C58B4ED00F4D705 /* collection_sel_tabbar@3x.png in Resources */ = {isa = PBXBuildFile; fileRef = EA8488AD1C58B4ED00F4D705 /* collection_sel_tabbar@3x.png */; };
		EA8488BA1C58B4ED00F4D705 /* reading_sel_tabbar.png in Resources */ = {isa = PBXBuildFile; fileRef = EA8488AE1C58B4ED00F4D705 /* reading_sel_tabbar.png */; };
		EA8488BB1C58B4ED00F4D705 /* reading_sel_tabbar@2x.png in Resources */ = {isa = PBXBuildFile; fileRef = EA8488AF1C58B4ED00F4D705 /* reading_sel_tabbar@2x.png */; };
		EA8488BC1C58B4ED00F4D705 /* reading_sel_tabbar@3x.png in Resources */ = {isa = PBXBuildFile; fileRef = EA8488B01C58B4ED00F4D705 /* reading_sel_tabbar@3x.png */; };
		EA8488BD1C58B4ED00F4D705 /* search_sel_tabbar.png in Resources */ = {isa = PBXBuildFile; fileRef = EA8488B11C58B4ED00F4D705 /* search_sel_tabbar.png */; };
		EA8488BE1C58B4ED00F4D705 /* search_sel_tabbar@2x.png in Resources */ = {isa = PBXBuildFile; fileRef = EA8488B21C58B4ED00F4D705 /* search_sel_tabbar@2x.png */; };
		EA8488BF1C58B4ED00F4D705 /* search_sel_tabbar@3x.png in Resources */ = {isa = PBXBuildFile; fileRef = EA8488B31C58B4ED00F4D705 /* search_sel_tabbar@3x.png */; };
		EA8488C01C58B4ED00F4D705 /* setting_sel_tabbar.png in Resources */ = {isa = PBXBuildFile; fileRef = EA8488B41C58B4ED00F4D705 /* setting_sel_tabbar.png */; };
		EA8488C11C58B4ED00F4D705 /* setting_sel_tabbar@2x.png in Resources */ = {isa = PBXBuildFile; fileRef = EA8488B51C58B4ED00F4D705 /* setting_sel_tabbar@2x.png */; };
		EA8488C21C58B4ED00F4D705 /* setting_sel_tabbar@3x.png in Resources */ = {isa = PBXBuildFile; fileRef = EA8488B61C58B4ED00F4D705 /* setting_sel_tabbar@3x.png */; };
		EA8488C61C58F70A00F4D705 /* SJSCollectionViewController.m in Sources */ = {isa = PBXBuildFile; fileRef = EA8488C41C58F70A00F4D705 /* SJSCollectionViewController.m */; };
		EA8488C71C58F70A00F4D705 /* SJSCollectionViewController.xib in Resources */ = {isa = PBXBuildFile; fileRef = EA8488C51C58F70A00F4D705 /* SJSCollectionViewController.xib */; };
		EA8488CB1C58F72600F4D705 /* SJSSearchViewController.m in Sources */ = {isa = PBXBuildFile; fileRef = EA8488C91C58F72600F4D705 /* SJSSearchViewController.m */; };
		EA8488CC1C58F72600F4D705 /* SJSSearchViewController.xib in Resources */ = {isa = PBXBuildFile; fileRef = EA8488CA1C58F72600F4D705 /* SJSSearchViewController.xib */; };
		EA8488DA1C590BDA00F4D705 /* back.png in Resources */ = {isa = PBXBuildFile; fileRef = EA8488D51C590BDA00F4D705 /* back.png */; };
		EA8488DB1C590BDA00F4D705 /* back@2x.png in Resources */ = {isa = PBXBuildFile; fileRef = EA8488D61C590BDA00F4D705 /* back@2x.png */; };
		EA8488DC1C590BDA00F4D705 /* calendar_nav.png in Resources */ = {isa = PBXBuildFile; fileRef = EA8488D71C590BDA00F4D705 /* calendar_nav.png */; };
		EA8488DD1C590BDA00F4D705 /* calendar_nav@2x.png in Resources */ = {isa = PBXBuildFile; fileRef = EA8488D81C590BDA00F4D705 /* calendar_nav@2x.png */; };
		EA8488DE1C590BDA00F4D705 /* calendar_nav@3x.png in Resources */ = {isa = PBXBuildFile; fileRef = EA8488D91C590BDA00F4D705 /* calendar_nav@3x.png */; };
		EA8488E51C59100000F4D705 /* list_nav.png in Resources */ = {isa = PBXBuildFile; fileRef = EA8488DF1C59100000F4D705 /* list_nav.png */; };
		EA8488E61C59100000F4D705 /* list_nav@2x.png in Resources */ = {isa = PBXBuildFile; fileRef = EA8488E01C59100000F4D705 /* list_nav@2x.png */; };
		EA8488E71C59100000F4D705 /* list_nav@3x.png in Resources */ = {isa = PBXBuildFile; fileRef = EA8488E11C59100000F4D705 /* list_nav@3x.png */; };
		EA8488E81C59100000F4D705 /* statistrics_nav.png in Resources */ = {isa = PBXBuildFile; fileRef = EA8488E21C59100000F4D705 /* statistrics_nav.png */; };
		EA8488E91C59100000F4D705 /* statistrics_nav@2x.png in Resources */ = {isa = PBXBuildFile; fileRef = EA8488E31C59100000F4D705 /* statistrics_nav@2x.png */; };
		EA8488EA1C59100000F4D705 /* statistrics_nav@3x.png in Resources */ = {isa = PBXBuildFile; fileRef = EA8488E41C59100000F4D705 /* statistrics_nav@3x.png */; };
		EA88207F1C5B7FE000376266 /* HeadView.m in Sources */ = {isa = PBXBuildFile; fileRef = EA88207E1C5B7FE000376266 /* HeadView.m */; };
		EA8820811C5B8FF400376266 /* Reading365List.plist in Resources */ = {isa = PBXBuildFile; fileRef = EA8820801C5B8FF400376266 /* Reading365List.plist */; };
		EA88214D1C5CBB6600376266 /* JBSXRCUnitTileView.m in Sources */ = {isa = PBXBuildFile; fileRef = EA8821271C5CBB6600376266 /* JBSXRCUnitTileView.m */; };
		EA88214E1C5CBB6600376266 /* JBCalendarDate.m in Sources */ = {isa = PBXBuildFile; fileRef = EA88212D1C5CBB6600376266 /* JBCalendarDate.m */; };
		EA88214F1C5CBB6600376266 /* JBCalendarLogic.m in Sources */ = {isa = PBXBuildFile; fileRef = EA8821301C5CBB6600376266 /* JBCalendarLogic.m */; };
		EA8821501C5CBB6600376266 /* JBEventModel.m in Sources */ = {isa = PBXBuildFile; fileRef = EA8821321C5CBB6600376266 /* JBEventModel.m */; };
		EA8821511C5CBB6600376266 /* JBUnitGridView.m in Sources */ = {isa = PBXBuildFile; fileRef = EA8821341C5CBB6600376266 /* JBUnitGridView.m */; };
		EA8821521C5CBB6600376266 /* JBUnitTileView.m in Sources */ = {isa = PBXBuildFile; fileRef = EA8821361C5CBB6600376266 /* JBUnitTileView.m */; };
		EA8821531C5CBB6600376266 /* JBUnitView.m in Sources */ = {isa = PBXBuildFile; fileRef = EA8821381C5CBB6600376266 /* JBUnitView.m */; };
		EA8821541C5CBB6600376266 /* JBWeekdaysBarView.m in Sources */ = {isa = PBXBuildFile; fileRef = EA88213A1C5CBB6600376266 /* JBWeekdaysBarView.m */; };
		EA8821551C5CBB6600376266 /* LunarCalendar.m in Sources */ = {isa = PBXBuildFile; fileRef = EA88213D1C5CBB6600376266 /* LunarCalendar.m */; };
		EA8821561C5CBB6600376266 /* NSDate+Calendar.m in Sources */ = {isa = PBXBuildFile; fileRef = EA8821401C5CBB6600376266 /* NSDate+Calendar.m */; };
		EA8821571C5CBB6600376266 /* README in Resources */ = {isa = PBXBuildFile; fileRef = EA8821411C5CBB6600376266 /* README */; };
		EA8821581C5CBB6600376266 /* JBBasicFileManager.m in Sources */ = {isa = PBXBuildFile; fileRef = EA8821451C5CBB6600376266 /* JBBasicFileManager.m */; };
		EA8821591C5CBB6600376266 /* JBImageFileManager.m in Sources */ = {isa = PBXBuildFile; fileRef = EA8821471C5CBB6600376266 /* JBImageFileManager.m */; };
		EA88215A1C5CBB6600376266 /* JBPlistFileManager.m in Sources */ = {isa = PBXBuildFile; fileRef = EA8821491C5CBB6600376266 /* JBPlistFileManager.m */; };
		EA88215B1C5CBB6600376266 /* weekdaysBarView.png in Resources */ = {isa = PBXBuildFile; fileRef = EA88214B1C5CBB6600376266 /* weekdaysBarView.png */; };
		EA88215C1C5CBB6600376266 /* weekdaysBarView@2x.png in Resources */ = {isa = PBXBuildFile; fileRef = EA88214C1C5CBB6600376266 /* weekdaysBarView@2x.png */; };
		EA8821751C608C4100376266 /* Icon-60.png in Resources */ = {isa = PBXBuildFile; fileRef = EA8821601C608C4100376266 /* Icon-60.png */; };
		EA8821761C608C4100376266 /* Icon-60@2x.png in Resources */ = {isa = PBXBuildFile; fileRef = EA8821611C608C4100376266 /* Icon-60@2x.png */; };
		EA8821771C608C4100376266 /* Icon-60@3x.png in Resources */ = {isa = PBXBuildFile; fileRef = EA8821621C608C4100376266 /* Icon-60@3x.png */; };
		EA8821781C608C4100376266 /* Icon-72.png in Resources */ = {isa = PBXBuildFile; fileRef = EA8821631C608C4100376266 /* Icon-72.png */; };
		EA8821791C608C4100376266 /* Icon-72@2x.png in Resources */ = {isa = PBXBuildFile; fileRef = EA8821641C608C4100376266 /* Icon-72@2x.png */; };
		EA88217A1C608C4100376266 /* Icon-76.png in Resources */ = {isa = PBXBuildFile; fileRef = EA8821651C608C4100376266 /* Icon-76.png */; };
		EA88217B1C608C4100376266 /* Icon-76@2x.png in Resources */ = {isa = PBXBuildFile; fileRef = EA8821661C608C4100376266 /* Icon-76@2x.png */; };
		EA88217C1C608C4100376266 /* Icon-76@3x.png in Resources */ = {isa = PBXBuildFile; fileRef = EA8821671C608C4100376266 /* Icon-76@3x.png */; };
		EA88217D1C608C4100376266 /* Icon-iPadPro@2x.png in Resources */ = {isa = PBXBuildFile; fileRef = EA8821681C608C4100376266 /* Icon-iPadPro@2x.png */; };
		EA88217E1C608C4100376266 /* Icon-Small-50.png in Resources */ = {isa = PBXBuildFile; fileRef = EA8821691C608C4100376266 /* Icon-Small-50.png */; };
		EA88217F1C608C4100376266 /* Icon-Small-50@2x.png in Resources */ = {isa = PBXBuildFile; fileRef = EA88216A1C608C4100376266 /* Icon-Small-50@2x.png */; };
		EA8821801C608C4100376266 /* Icon-Small.png in Resources */ = {isa = PBXBuildFile; fileRef = EA88216B1C608C4100376266 /* Icon-Small.png */; };
		EA8821811C608C4100376266 /* Icon-Small@2x.png in Resources */ = {isa = PBXBuildFile; fileRef = EA88216C1C608C4100376266 /* Icon-Small@2x.png */; };
		EA8821821C608C4100376266 /* Icon-Small@3x.png in Resources */ = {isa = PBXBuildFile; fileRef = EA88216D1C608C4100376266 /* Icon-Small@3x.png */; };
		EA8821831C608C4100376266 /* Icon-Spotlight-40.png in Resources */ = {isa = PBXBuildFile; fileRef = EA88216E1C608C4100376266 /* Icon-Spotlight-40.png */; };
		EA8821841C608C4100376266 /* Icon-Spotlight-40@2x.png in Resources */ = {isa = PBXBuildFile; fileRef = EA88216F1C608C4100376266 /* Icon-Spotlight-40@2x.png */; };
		EA8821851C608C4100376266 /* Icon-Spotlight-40@3x.png in Resources */ = {isa = PBXBuildFile; fileRef = EA8821701C608C4100376266 /* Icon-Spotlight-40@3x.png */; };
		EA8821861C608C4100376266 /* Icon.png in Resources */ = {isa = PBXBuildFile; fileRef = EA8821711C608C4100376266 /* Icon.png */; };
		EA8821871C608C4100376266 /* Icon@2x.png in Resources */ = {isa = PBXBuildFile; fileRef = EA8821721C608C4100376266 /* Icon@2x.png */; };
		EA8821881C608C4100376266 /* iTunesArtwork in Resources */ = {isa = PBXBuildFile; fileRef = EA8821731C608C4100376266 /* iTunesArtwork */; };
		EA8821891C608C4100376266 /* iTunesArtwork@2x in Resources */ = {isa = PBXBuildFile; fileRef = EA8821741C608C4100376266 /* iTunesArtwork@2x */; };
		EA8821931C60A40500376266 /* ReadPlistManager.m in Sources */ = {isa = PBXBuildFile; fileRef = EA8821921C60A40500376266 /* ReadPlistManager.m */; };
		EAE086571C5621AB007D699E /* main.m in Sources */ = {isa = PBXBuildFile; fileRef = EAE086561C5621AB007D699E /* main.m */; };
		EAE086601C5621AB007D699E /* Main.storyboard in Resources */ = {isa = PBXBuildFile; fileRef = EAE0865E1C5621AB007D699E /* Main.storyboard */; };
		EAE086621C5621AB007D699E /* Images.xcassets in Resources */ = {isa = PBXBuildFile; fileRef = EAE086611C5621AB007D699E /* Images.xcassets */; };
		EAE086651C5621AB007D699E /* LaunchScreen.xib in Resources */ = {isa = PBXBuildFile; fileRef = EAE086631C5621AB007D699E /* LaunchScreen.xib */; };
		EAE086711C5621AB007D699E /* Reading365Tests.m in Sources */ = {isa = PBXBuildFile; fileRef = EAE086701C5621AB007D699E /* Reading365Tests.m */; };
		EAE086BE1C562240007D699E /* 项目策划 in Resources */ = {isa = PBXBuildFile; fileRef = EAE0867A1C562240007D699E /* 项目策划 */; };
		EAE086BF1C562240007D699E /* DataFactory.m in Sources */ = {isa = PBXBuildFile; fileRef = EAE0867D1C562240007D699E /* DataFactory.m */; settings = {COMPILER_FLAGS = "-fno-objc-arc"; }; };
		EAE086C61C562240007D699E /* new_cuvModel.m in Sources */ = {isa = PBXBuildFile; fileRef = EAE0868C1C562240007D699E /* new_cuvModel.m */; settings = {COMPILER_FLAGS = "-fno-objc-arc"; }; };
		EAE086C71C562240007D699E /* new_ncvModel.m in Sources */ = {isa = PBXBuildFile; fileRef = EAE0868E1C562240007D699E /* new_ncvModel.m */; settings = {COMPILER_FLAGS = "-fno-objc-arc"; }; };
		EAE086C81C562240007D699E /* new_nivModel.m in Sources */ = {isa = PBXBuildFile; fileRef = EAE086901C562240007D699E /* new_nivModel.m */; settings = {COMPILER_FLAGS = "-fno-objc-arc"; }; };
		EAE086C91C562240007D699E /* old_cuvModel.m in Sources */ = {isa = PBXBuildFile; fileRef = EAE086921C562240007D699E /* old_cuvModel.m */; settings = {COMPILER_FLAGS = "-fno-objc-arc"; }; };
		EAE086CA1C562240007D699E /* old_ncvModel.m in Sources */ = {isa = PBXBuildFile; fileRef = EAE086941C562240007D699E /* old_ncvModel.m */; settings = {COMPILER_FLAGS = "-fno-objc-arc"; }; };
		EAE086CB1C562240007D699E /* old_nivModel.m in Sources */ = {isa = PBXBuildFile; fileRef = EAE086961C562240007D699E /* old_nivModel.m */; settings = {COMPILER_FLAGS = "-fno-objc-arc"; }; };
		EAE086CC1C562240007D699E /* SandboxFile.m in Sources */ = {isa = PBXBuildFile; fileRef = EAE086991C562240007D699E /* SandboxFile.m */; };
		EAE086CD1C562240007D699E /* HolyBible.db in Resources */ = {isa = PBXBuildFile; fileRef = EAE0869B1C562240007D699E /* HolyBible.db */; };
		EAE086D01C562240007D699E /* Default-568h@2x.png in Resources */ = {isa = PBXBuildFile; fileRef = EAE0869F1C562240007D699E /* Default-568h@2x.png */; };
		EAE086D11C562240007D699E /* icon1.png in Resources */ = {isa = PBXBuildFile; fileRef = EAE086A01C562240007D699E /* icon1.png */; };
		EAE086D21C562240007D699E /* testNav.png in Resources */ = {isa = PBXBuildFile; fileRef = EAE086A11C562240007D699E /* testNav.png */; };
		EAE086D31C562240007D699E /* testNav@2x.png in Resources */ = {isa = PBXBuildFile; fileRef = EAE086A21C562240007D699E /* testNav@2x.png */; };
		EAE086D41C562240007D699E /* SNavigationBar.m in Sources */ = {isa = PBXBuildFile; fileRef = EAE086A71C562240007D699E /* SNavigationBar.m */; };
		EAE086D71C562240007D699E /* STabbar.m in Sources */ = {isa = PBXBuildFile; fileRef = EAE086AE1C562240007D699E /* STabbar.m */; };
		EAE086D81C562240007D699E /* STabbar.plist in Resources */ = {isa = PBXBuildFile; fileRef = EAE086AF1C562240007D699E /* STabbar.plist */; };
		EAE086D91C562240007D699E /* RootViewController.m in Sources */ = {isa = PBXBuildFile; fileRef = EAE086B21C562240007D699E /* RootViewController.m */; };
		EAE086DA1C562240007D699E /* RootViewController.xib in Resources */ = {isa = PBXBuildFile; fileRef = EAE086B31C562240007D699E /* RootViewController.xib */; };
		EAE086DC1C562240007D699E /* SJSNoteViewController.xib in Resources */ = {isa = PBXBuildFile; fileRef = EAE086B61C562240007D699E /* SJSNoteViewController.xib */; };
		EAE086DD1C562240007D699E /* SJSReadingViewController.m in Sources */ = {isa = PBXBuildFile; fileRef = EAE086B81C562240007D699E /* SJSReadingViewController.m */; };
		EAE086DE1C562240007D699E /* SJSReadingViewController.xib in Resources */ = {isa = PBXBuildFile; fileRef = EAE086B91C562240007D699E /* SJSReadingViewController.xib */; };
		EAE086DF1C562240007D699E /* SJSSettingViewController.m in Sources */ = {isa = PBXBuildFile; fileRef = EAE086BB1C562240007D699E /* SJSSettingViewController.m */; };
		EAE086E01C562240007D699E /* SJSSettingViewController.xib in Resources */ = {isa = PBXBuildFile; fileRef = EAE086BC1C562240007D699E /* SJSSettingViewController.xib */; };
		EAE086E41C5622CE007D699E /* AppDelegate.m in Sources */ = {isa = PBXBuildFile; fileRef = EAE086E31C5622CE007D699E /* AppDelegate.m */; };
		EAE086E71C562375007D699E /* ViewController.m in Sources */ = {isa = PBXBuildFile; fileRef = EAE086E61C562375007D699E /* ViewController.m */; };
		EAE086E91C562444007D699E /* libsqlite3.0.dylib in Frameworks */ = {isa = PBXBuildFile; fileRef = EAE086E81C562444007D699E /* libsqlite3.0.dylib */; };
		EAE086F81C5629F9007D699E /* FMDatabase.m in Sources */ = {isa = PBXBuildFile; fileRef = EAE086EC1C5629F9007D699E /* FMDatabase.m */; };
		EAE086F91C5629F9007D699E /* FMDatabaseAdditions.m in Sources */ = {isa = PBXBuildFile; fileRef = EAE086EE1C5629F9007D699E /* FMDatabaseAdditions.m */; };
		EAE086FA1C5629F9007D699E /* FMDatabasePool.m in Sources */ = {isa = PBXBuildFile; fileRef = EAE086F01C5629F9007D699E /* FMDatabasePool.m */; };
		EAE086FB1C5629F9007D699E /* FMDatabaseQueue.m in Sources */ = {isa = PBXBuildFile; fileRef = EAE086F21C5629F9007D699E /* FMDatabaseQueue.m */; };
		EAE086FC1C5629F9007D699E /* FMResultSet.m in Sources */ = {isa = PBXBuildFile; fileRef = EAE086F51C5629F9007D699E /* FMResultSet.m */; };
		EAE086FD1C5629F9007D699E /* LKDaoBase.m in Sources */ = {isa = PBXBuildFile; fileRef = EAE086F71C5629F9007D699E /* LKDaoBase.m */; settings = {COMPILER_FLAGS = "-fno-objc-arc"; }; };
		EAE0870B1C5650CA007D699E /* collection_tabbar.png in Resources */ = {isa = PBXBuildFile; fileRef = EAE086FF1C5650CA007D699E /* collection_tabbar.png */; };
		EAE0870C1C5650CA007D699E /* collection_tabbar@2x.png in Resources */ = {isa = PBXBuildFile; fileRef = EAE087001C5650CA007D699E /* collection_tabbar@2x.png */; };
		EAE0870D1C5650CA007D699E /* collection_tabbar@3x.png in Resources */ = {isa = PBXBuildFile; fileRef = EAE087011C5650CA007D699E /* collection_tabbar@3x.png */; };
		EAE0870E1C5650CA007D699E /* reading_tabbar.png in Resources */ = {isa = PBXBuildFile; fileRef = EAE087021C5650CA007D699E /* reading_tabbar.png */; };
		EAE0870F1C5650CA007D699E /* reading_tabbar@2x.png in Resources */ = {isa = PBXBuildFile; fileRef = EAE087031C5650CA007D699E /* reading_tabbar@2x.png */; };
		EAE087101C5650CA007D699E /* reading_tabbar@3x.png in Resources */ = {isa = PBXBuildFile; fileRef = EAE087041C5650CA007D699E /* reading_tabbar@3x.png */; };
		EAE087111C5650CA007D699E /* search_tabbar.png in Resources */ = {isa = PBXBuildFile; fileRef = EAE087051C5650CA007D699E /* search_tabbar.png */; };
		EAE087121C5650CA007D699E /* search_tabbar@2x.png in Resources */ = {isa = PBXBuildFile; fileRef = EAE087061C5650CA007D699E /* search_tabbar@2x.png */; };
		EAE087131C5650CA007D699E /* search_tabbar@3x.png in Resources */ = {isa = PBXBuildFile; fileRef = EAE087071C5650CA007D699E /* search_tabbar@3x.png */; };
		EAE087141C5650CA007D699E /* setting_tabbar.png in Resources */ = {isa = PBXBuildFile; fileRef = EAE087081C5650CA007D699E /* setting_tabbar.png */; };
		EAE087151C5650CA007D699E /* setting_tabbar@2x.png in Resources */ = {isa = PBXBuildFile; fileRef = EAE087091C5650CA007D699E /* setting_tabbar@2x.png */; };
		EAE087161C5650CA007D699E /* setting_tabbar@3x.png in Resources */ = {isa = PBXBuildFile; fileRef = EAE0870A1C5650CA007D699E /* setting_tabbar@3x.png */; };
		EAE0871A1C565AC2007D699E /* PublicFunctions.m in Sources */ = {isa = PBXBuildFile; fileRef = EAE087191C565AC2007D699E /* PublicFunctions.m */; };
/* End PBXBuildFile section */

/* Begin PBXContainerItemProxy section */
		EAE0866B1C5621AB007D699E /* PBXContainerItemProxy */ = {
			isa = PBXContainerItemProxy;
			containerPortal = EAE086491C5621AB007D699E /* Project object */;
			proxyType = 1;
			remoteGlobalIDString = EAE086501C5621AB007D699E;
			remoteInfo = Reading365;
		};
/* End PBXContainerItemProxy section */

/* Begin PBXFileReference section */
		EA75FC991C5A5D8D00B10E87 /* SJSListViewController.h */ = {isa = PBXFileReference; fileEncoding = 4; lastKnownFileType = sourcecode.c.h; path = SJSListViewController.h; sourceTree = "<group>"; };
		EA75FC9A1C5A5D8D00B10E87 /* SJSListViewController.m */ = {isa = PBXFileReference; fileEncoding = 4; lastKnownFileType = sourcecode.c.objc; path = SJSListViewController.m; sourceTree = "<group>"; };
		EA75FC9B1C5A5D8D00B10E87 /* SJSListViewController.xib */ = {isa = PBXFileReference; fileEncoding = 4; lastKnownFileType = file.xib; path = SJSListViewController.xib; sourceTree = "<group>"; };
		EA75FC9F1C5A607E00B10E87 /* SJSStatistricsViewController.h */ = {isa = PBXFileReference; fileEncoding = 4; lastKnownFileType = sourcecode.c.h; path = SJSStatistricsViewController.h; sourceTree = "<group>"; };
		EA75FCA01C5A607E00B10E87 /* SJSStatistricsViewController.m */ = {isa = PBXFileReference; fileEncoding = 4; lastKnownFileType = sourcecode.c.objc; path = SJSStatistricsViewController.m; sourceTree = "<group>"; };
		EA75FCA11C5A607E00B10E87 /* SJSStatistricsViewController.xib */ = {isa = PBXFileReference; fileEncoding = 4; lastKnownFileType = file.xib; path = SJSStatistricsViewController.xib; sourceTree = "<group>"; };
		EA75FCA51C5A629500B10E87 /* NoticeHeader.h */ = {isa = PBXFileReference; lastKnownFileType = sourcecode.c.h; path = NoticeHeader.h; sourceTree = "<group>"; };
		EA8488AB1C58B4ED00F4D705 /* collection_sel_tabbar.png */ = {isa = PBXFileReference; lastKnownFileType = image.png; path = collection_sel_tabbar.png; sourceTree = "<group>"; };
		EA8488AC1C58B4ED00F4D705 /* collection_sel_tabbar@2x.png */ = {isa = PBXFileReference; lastKnownFileType = image.png; path = "collection_sel_tabbar@2x.png"; sourceTree = "<group>"; };
		EA8488AD1C58B4ED00F4D705 /* collection_sel_tabbar@3x.png */ = {isa = PBXFileReference; lastKnownFileType = image.png; path = "collection_sel_tabbar@3x.png"; sourceTree = "<group>"; };
		EA8488AE1C58B4ED00F4D705 /* reading_sel_tabbar.png */ = {isa = PBXFileReference; lastKnownFileType = image.png; path = reading_sel_tabbar.png; sourceTree = "<group>"; };
		EA8488AF1C58B4ED00F4D705 /* reading_sel_tabbar@2x.png */ = {isa = PBXFileReference; lastKnownFileType = image.png; path = "reading_sel_tabbar@2x.png"; sourceTree = "<group>"; };
		EA8488B01C58B4ED00F4D705 /* reading_sel_tabbar@3x.png */ = {isa = PBXFileReference; lastKnownFileType = image.png; path = "reading_sel_tabbar@3x.png"; sourceTree = "<group>"; };
		EA8488B11C58B4ED00F4D705 /* search_sel_tabbar.png */ = {isa = PBXFileReference; lastKnownFileType = image.png; path = search_sel_tabbar.png; sourceTree = "<group>"; };
		EA8488B21C58B4ED00F4D705 /* search_sel_tabbar@2x.png */ = {isa = PBXFileReference; lastKnownFileType = image.png; path = "search_sel_tabbar@2x.png"; sourceTree = "<group>"; };
		EA8488B31C58B4ED00F4D705 /* search_sel_tabbar@3x.png */ = {isa = PBXFileReference; lastKnownFileType = image.png; path = "search_sel_tabbar@3x.png"; sourceTree = "<group>"; };
		EA8488B41C58B4ED00F4D705 /* setting_sel_tabbar.png */ = {isa = PBXFileReference; lastKnownFileType = image.png; path = setting_sel_tabbar.png; sourceTree = "<group>"; };
		EA8488B51C58B4ED00F4D705 /* setting_sel_tabbar@2x.png */ = {isa = PBXFileReference; lastKnownFileType = image.png; path = "setting_sel_tabbar@2x.png"; sourceTree = "<group>"; };
		EA8488B61C58B4ED00F4D705 /* setting_sel_tabbar@3x.png */ = {isa = PBXFileReference; lastKnownFileType = image.png; path = "setting_sel_tabbar@3x.png"; sourceTree = "<group>"; };
		EA8488C31C58F70A00F4D705 /* SJSCollectionViewController.h */ = {isa = PBXFileReference; fileEncoding = 4; lastKnownFileType = sourcecode.c.h; path = SJSCollectionViewController.h; sourceTree = "<group>"; };
		EA8488C41C58F70A00F4D705 /* SJSCollectionViewController.m */ = {isa = PBXFileReference; fileEncoding = 4; lastKnownFileType = sourcecode.c.objc; path = SJSCollectionViewController.m; sourceTree = "<group>"; };
		EA8488C51C58F70A00F4D705 /* SJSCollectionViewController.xib */ = {isa = PBXFileReference; fileEncoding = 4; lastKnownFileType = file.xib; path = SJSCollectionViewController.xib; sourceTree = "<group>"; };
		EA8488C81C58F72600F4D705 /* SJSSearchViewController.h */ = {isa = PBXFileReference; fileEncoding = 4; lastKnownFileType = sourcecode.c.h; path = SJSSearchViewController.h; sourceTree = "<group>"; };
		EA8488C91C58F72600F4D705 /* SJSSearchViewController.m */ = {isa = PBXFileReference; fileEncoding = 4; lastKnownFileType = sourcecode.c.objc; path = SJSSearchViewController.m; sourceTree = "<group>"; };
		EA8488CA1C58F72600F4D705 /* SJSSearchViewController.xib */ = {isa = PBXFileReference; fileEncoding = 4; lastKnownFileType = file.xib; path = SJSSearchViewController.xib; sourceTree = "<group>"; };
		EA8488CD1C58F7E300F4D705 /* ViewHeader.h */ = {isa = PBXFileReference; lastKnownFileType = sourcecode.c.h; path = ViewHeader.h; sourceTree = "<group>"; };
		EA8488D51C590BDA00F4D705 /* back.png */ = {isa = PBXFileReference; lastKnownFileType = image.png; path = back.png; sourceTree = "<group>"; };
		EA8488D61C590BDA00F4D705 /* back@2x.png */ = {isa = PBXFileReference; lastKnownFileType = image.png; path = "back@2x.png"; sourceTree = "<group>"; };
		EA8488D71C590BDA00F4D705 /* calendar_nav.png */ = {isa = PBXFileReference; lastKnownFileType = image.png; path = calendar_nav.png; sourceTree = "<group>"; };
		EA8488D81C590BDA00F4D705 /* calendar_nav@2x.png */ = {isa = PBXFileReference; lastKnownFileType = image.png; path = "calendar_nav@2x.png"; sourceTree = "<group>"; };
		EA8488D91C590BDA00F4D705 /* calendar_nav@3x.png */ = {isa = PBXFileReference; lastKnownFileType = image.png; path = "calendar_nav@3x.png"; sourceTree = "<group>"; };
		EA8488DF1C59100000F4D705 /* list_nav.png */ = {isa = PBXFileReference; lastKnownFileType = image.png; path = list_nav.png; sourceTree = "<group>"; };
		EA8488E01C59100000F4D705 /* list_nav@2x.png */ = {isa = PBXFileReference; lastKnownFileType = image.png; path = "list_nav@2x.png"; sourceTree = "<group>"; };
		EA8488E11C59100000F4D705 /* list_nav@3x.png */ = {isa = PBXFileReference; lastKnownFileType = image.png; path = "list_nav@3x.png"; sourceTree = "<group>"; };
		EA8488E21C59100000F4D705 /* statistrics_nav.png */ = {isa = PBXFileReference; lastKnownFileType = image.png; path = statistrics_nav.png; sourceTree = "<group>"; };
		EA8488E31C59100000F4D705 /* statistrics_nav@2x.png */ = {isa = PBXFileReference; lastKnownFileType = image.png; path = "statistrics_nav@2x.png"; sourceTree = "<group>"; };
		EA8488E41C59100000F4D705 /* statistrics_nav@3x.png */ = {isa = PBXFileReference; lastKnownFileType = image.png; path = "statistrics_nav@3x.png"; sourceTree = "<group>"; };
		EA88207D1C5B7FE000376266 /* HeadView.h */ = {isa = PBXFileReference; fileEncoding = 4; lastKnownFileType = sourcecode.c.h; path = HeadView.h; sourceTree = "<group>"; };
		EA88207E1C5B7FE000376266 /* HeadView.m */ = {isa = PBXFileReference; fileEncoding = 4; lastKnownFileType = sourcecode.c.objc; path = HeadView.m; sourceTree = "<group>"; };
		EA8820801C5B8FF400376266 /* Reading365List.plist */ = {isa = PBXFileReference; fileEncoding = 4; lastKnownFileType = text.plist.xml; path = Reading365List.plist; sourceTree = "<group>"; };
		EA8821261C5CBB6600376266 /* JBSXRCUnitTileView.h */ = {isa = PBXFileReference; fileEncoding = 4; lastKnownFileType = sourcecode.c.h; path = JBSXRCUnitTileView.h; sourceTree = "<group>"; };
		EA8821271C5CBB6600376266 /* JBSXRCUnitTileView.m */ = {isa = PBXFileReference; fileEncoding = 4; lastKnownFileType = sourcecode.c.objc; path = JBSXRCUnitTileView.m; sourceTree = "<group>"; };
		EA88212B1C5CBB6600376266 /* JBCalendarDataSourceDelegate.h */ = {isa = PBXFileReference; fileEncoding = 4; lastKnownFileType = sourcecode.c.h; path = JBCalendarDataSourceDelegate.h; sourceTree = "<group>"; };
		EA88212C1C5CBB6600376266 /* JBCalendarDate.h */ = {isa = PBXFileReference; fileEncoding = 4; lastKnownFileType = sourcecode.c.h; path = JBCalendarDate.h; sourceTree = "<group>"; };
		EA88212D1C5CBB6600376266 /* JBCalendarDate.m */ = {isa = PBXFileReference; fileEncoding = 4; lastKnownFileType = sourcecode.c.objc; path = JBCalendarDate.m; sourceTree = "<group>"; };
		EA88212E1C5CBB6600376266 /* JBCalendarDelegate.h */ = {isa = PBXFileReference; fileEncoding = 4; lastKnownFileType = sourcecode.c.h; path = JBCalendarDelegate.h; sourceTree = "<group>"; };
		EA88212F1C5CBB6600376266 /* JBCalendarLogic.h */ = {isa = PBXFileReference; fileEncoding = 4; lastKnownFileType = sourcecode.c.h; path = JBCalendarLogic.h; sourceTree = "<group>"; };
		EA8821301C5CBB6600376266 /* JBCalendarLogic.m */ = {isa = PBXFileReference; fileEncoding = 4; lastKnownFileType = sourcecode.c.objc; path = JBCalendarLogic.m; sourceTree = "<group>"; };
		EA8821311C5CBB6600376266 /* JBEventModel.h */ = {isa = PBXFileReference; fileEncoding = 4; lastKnownFileType = sourcecode.c.h; path = JBEventModel.h; sourceTree = "<group>"; };
		EA8821321C5CBB6600376266 /* JBEventModel.m */ = {isa = PBXFileReference; fileEncoding = 4; lastKnownFileType = sourcecode.c.objc; path = JBEventModel.m; sourceTree = "<group>"; };
		EA8821331C5CBB6600376266 /* JBUnitGridView.h */ = {isa = PBXFileReference; fileEncoding = 4; lastKnownFileType = sourcecode.c.h; path = JBUnitGridView.h; sourceTree = "<group>"; };
		EA8821341C5CBB6600376266 /* JBUnitGridView.m */ = {isa = PBXFileReference; fileEncoding = 4; lastKnownFileType = sourcecode.c.objc; path = JBUnitGridView.m; sourceTree = "<group>"; };
		EA8821351C5CBB6600376266 /* JBUnitTileView.h */ = {isa = PBXFileReference; fileEncoding = 4; lastKnownFileType = sourcecode.c.h; path = JBUnitTileView.h; sourceTree = "<group>"; };
		EA8821361C5CBB6600376266 /* JBUnitTileView.m */ = {isa = PBXFileReference; fileEncoding = 4; lastKnownFileType = sourcecode.c.objc; path = JBUnitTileView.m; sourceTree = "<group>"; };
		EA8821371C5CBB6600376266 /* JBUnitView.h */ = {isa = PBXFileReference; fileEncoding = 4; lastKnownFileType = sourcecode.c.h; path = JBUnitView.h; sourceTree = "<group>"; };
		EA8821381C5CBB6600376266 /* JBUnitView.m */ = {isa = PBXFileReference; fileEncoding = 4; lastKnownFileType = sourcecode.c.objc; path = JBUnitView.m; sourceTree = "<group>"; };
		EA8821391C5CBB6600376266 /* JBWeekdaysBarView.h */ = {isa = PBXFileReference; fileEncoding = 4; lastKnownFileType = sourcecode.c.h; path = JBWeekdaysBarView.h; sourceTree = "<group>"; };
		EA88213A1C5CBB6600376266 /* JBWeekdaysBarView.m */ = {isa = PBXFileReference; fileEncoding = 4; lastKnownFileType = sourcecode.c.objc; path = JBWeekdaysBarView.m; sourceTree = "<group>"; };
		EA88213C1C5CBB6600376266 /* LunarCalendar.h */ = {isa = PBXFileReference; fileEncoding = 4; lastKnownFileType = sourcecode.c.h; path = LunarCalendar.h; sourceTree = "<group>"; };
		EA88213D1C5CBB6600376266 /* LunarCalendar.m */ = {isa = PBXFileReference; fileEncoding = 4; lastKnownFileType = sourcecode.c.objc; path = LunarCalendar.m; sourceTree = "<group>"; };
		EA88213F1C5CBB6600376266 /* NSDate+Calendar.h */ = {isa = PBXFileReference; fileEncoding = 4; lastKnownFileType = sourcecode.c.h; path = "NSDate+Calendar.h"; sourceTree = "<group>"; };
		EA8821401C5CBB6600376266 /* NSDate+Calendar.m */ = {isa = PBXFileReference; fileEncoding = 4; lastKnownFileType = sourcecode.c.objc; path = "NSDate+Calendar.m"; sourceTree = "<group>"; };
		EA8821411C5CBB6600376266 /* README */ = {isa = PBXFileReference; fileEncoding = 4; lastKnownFileType = text; path = README; sourceTree = "<group>"; };
		EA8821421C5CBB6600376266 /* JBDefine.h */ = {isa = PBXFileReference; fileEncoding = 4; lastKnownFileType = sourcecode.c.h; path = JBDefine.h; sourceTree = "<group>"; };
		EA8821441C5CBB6600376266 /* JBBasicFileManager.h */ = {isa = PBXFileReference; fileEncoding = 4; lastKnownFileType = sourcecode.c.h; path = JBBasicFileManager.h; sourceTree = "<group>"; };
		EA8821451C5CBB6600376266 /* JBBasicFileManager.m */ = {isa = PBXFileReference; fileEncoding = 4; lastKnownFileType = sourcecode.c.objc; path = JBBasicFileManager.m; sourceTree = "<group>"; };
		EA8821461C5CBB6600376266 /* JBImageFileManager.h */ = {isa = PBXFileReference; fileEncoding = 4; lastKnownFileType = sourcecode.c.h; path = JBImageFileManager.h; sourceTree = "<group>"; };
		EA8821471C5CBB6600376266 /* JBImageFileManager.m */ = {isa = PBXFileReference; fileEncoding = 4; lastKnownFileType = sourcecode.c.objc; path = JBImageFileManager.m; sourceTree = "<group>"; };
		EA8821481C5CBB6600376266 /* JBPlistFileManager.h */ = {isa = PBXFileReference; fileEncoding = 4; lastKnownFileType = sourcecode.c.h; path = JBPlistFileManager.h; sourceTree = "<group>"; };
		EA8821491C5CBB6600376266 /* JBPlistFileManager.m */ = {isa = PBXFileReference; fileEncoding = 4; lastKnownFileType = sourcecode.c.objc; path = JBPlistFileManager.m; sourceTree = "<group>"; };
		EA88214B1C5CBB6600376266 /* weekdaysBarView.png */ = {isa = PBXFileReference; lastKnownFileType = image.png; path = weekdaysBarView.png; sourceTree = "<group>"; };
		EA88214C1C5CBB6600376266 /* weekdaysBarView@2x.png */ = {isa = PBXFileReference; lastKnownFileType = image.png; path = "weekdaysBarView@2x.png"; sourceTree = "<group>"; };
		EA8821601C608C4100376266 /* Icon-60.png */ = {isa = PBXFileReference; lastKnownFileType = image.png; path = "Icon-60.png"; sourceTree = "<group>"; };
		EA8821611C608C4100376266 /* Icon-60@2x.png */ = {isa = PBXFileReference; lastKnownFileType = image.png; path = "Icon-60@2x.png"; sourceTree = "<group>"; };
		EA8821621C608C4100376266 /* Icon-60@3x.png */ = {isa = PBXFileReference; lastKnownFileType = image.png; path = "Icon-60@3x.png"; sourceTree = "<group>"; };
		EA8821631C608C4100376266 /* Icon-72.png */ = {isa = PBXFileReference; lastKnownFileType = image.png; path = "Icon-72.png"; sourceTree = "<group>"; };
		EA8821641C608C4100376266 /* Icon-72@2x.png */ = {isa = PBXFileReference; lastKnownFileType = image.png; path = "Icon-72@2x.png"; sourceTree = "<group>"; };
		EA8821651C608C4100376266 /* Icon-76.png */ = {isa = PBXFileReference; lastKnownFileType = image.png; path = "Icon-76.png"; sourceTree = "<group>"; };
		EA8821661C608C4100376266 /* Icon-76@2x.png */ = {isa = PBXFileReference; lastKnownFileType = image.png; path = "Icon-76@2x.png"; sourceTree = "<group>"; };
		EA8821671C608C4100376266 /* Icon-76@3x.png */ = {isa = PBXFileReference; lastKnownFileType = image.png; path = "Icon-76@3x.png"; sourceTree = "<group>"; };
		EA8821681C608C4100376266 /* Icon-iPadPro@2x.png */ = {isa = PBXFileReference; lastKnownFileType = image.png; path = "Icon-iPadPro@2x.png"; sourceTree = "<group>"; };
		EA8821691C608C4100376266 /* Icon-Small-50.png */ = {isa = PBXFileReference; lastKnownFileType = image.png; path = "Icon-Small-50.png"; sourceTree = "<group>"; };
		EA88216A1C608C4100376266 /* Icon-Small-50@2x.png */ = {isa = PBXFileReference; lastKnownFileType = image.png; path = "Icon-Small-50@2x.png"; sourceTree = "<group>"; };
		EA88216B1C608C4100376266 /* Icon-Small.png */ = {isa = PBXFileReference; lastKnownFileType = image.png; path = "Icon-Small.png"; sourceTree = "<group>"; };
		EA88216C1C608C4100376266 /* Icon-Small@2x.png */ = {isa = PBXFileReference; lastKnownFileType = image.png; path = "Icon-Small@2x.png"; sourceTree = "<group>"; };
		EA88216D1C608C4100376266 /* Icon-Small@3x.png */ = {isa = PBXFileReference; lastKnownFileType = image.png; path = "Icon-Small@3x.png"; sourceTree = "<group>"; };
		EA88216E1C608C4100376266 /* Icon-Spotlight-40.png */ = {isa = PBXFileReference; lastKnownFileType = image.png; path = "Icon-Spotlight-40.png"; sourceTree = "<group>"; };
		EA88216F1C608C4100376266 /* Icon-Spotlight-40@2x.png */ = {isa = PBXFileReference; lastKnownFileType = image.png; path = "Icon-Spotlight-40@2x.png"; sourceTree = "<group>"; };
		EA8821701C608C4100376266 /* Icon-Spotlight-40@3x.png */ = {isa = PBXFileReference; lastKnownFileType = image.png; path = "Icon-Spotlight-40@3x.png"; sourceTree = "<group>"; };
		EA8821711C608C4100376266 /* Icon.png */ = {isa = PBXFileReference; lastKnownFileType = image.png; path = Icon.png; sourceTree = "<group>"; };
		EA8821721C608C4100376266 /* Icon@2x.png */ = {isa = PBXFileReference; lastKnownFileType = image.png; path = "Icon@2x.png"; sourceTree = "<group>"; };
		EA8821731C608C4100376266 /* iTunesArtwork */ = {isa = PBXFileReference; lastKnownFileType = file; path = iTunesArtwork; sourceTree = "<group>"; };
		EA8821741C608C4100376266 /* iTunesArtwork@2x */ = {isa = PBXFileReference; lastKnownFileType = file; path = "iTunesArtwork@2x"; sourceTree = "<group>"; };
		EA8821901C60A40500376266 /* DefineManager.h */ = {isa = PBXFileReference; fileEncoding = 4; lastKnownFileType = sourcecode.c.h; path = DefineManager.h; sourceTree = "<group>"; };
		EA8821911C60A40500376266 /* ReadPlistManager.h */ = {isa = PBXFileReference; fileEncoding = 4; lastKnownFileType = sourcecode.c.h; path = ReadPlistManager.h; sourceTree = "<group>"; };
		EA8821921C60A40500376266 /* ReadPlistManager.m */ = {isa = PBXFileReference; fileEncoding = 4; lastKnownFileType = sourcecode.c.objc; path = ReadPlistManager.m; sourceTree = "<group>"; };
		EAE086511C5621AB007D699E /* Reading365.app */ = {isa = PBXFileReference; explicitFileType = wrapper.application; includeInIndex = 0; path = Reading365.app; sourceTree = BUILT_PRODUCTS_DIR; };
		EAE086551C5621AB007D699E /* Info.plist */ = {isa = PBXFileReference; lastKnownFileType = text.plist.xml; path = Info.plist; sourceTree = "<group>"; };
		EAE086561C5621AB007D699E /* main.m */ = {isa = PBXFileReference; lastKnownFileType = sourcecode.c.objc; path = main.m; sourceTree = "<group>"; };
		EAE0865F1C5621AB007D699E /* Base */ = {isa = PBXFileReference; lastKnownFileType = file.storyboard; name = Base; path = Base.lproj/Main.storyboard; sourceTree = "<group>"; };
		EAE086611C5621AB007D699E /* Images.xcassets */ = {isa = PBXFileReference; lastKnownFileType = folder.assetcatalog; path = Images.xcassets; sourceTree = "<group>"; };
		EAE086641C5621AB007D699E /* Base */ = {isa = PBXFileReference; lastKnownFileType = file.xib; name = Base; path = Base.lproj/LaunchScreen.xib; sourceTree = "<group>"; };
		EAE0866A1C5621AB007D699E /* Reading365Tests.xctest */ = {isa = PBXFileReference; explicitFileType = wrapper.cfbundle; includeInIndex = 0; path = Reading365Tests.xctest; sourceTree = BUILT_PRODUCTS_DIR; };
		EAE0866F1C5621AB007D699E /* Info.plist */ = {isa = PBXFileReference; lastKnownFileType = text.plist.xml; path = Info.plist; sourceTree = "<group>"; };
		EAE086701C5621AB007D699E /* Reading365Tests.m */ = {isa = PBXFileReference; lastKnownFileType = sourcecode.c.objc; path = Reading365Tests.m; sourceTree = "<group>"; };
		EAE0867A1C562240007D699E /* 项目策划 */ = {isa = PBXFileReference; fileEncoding = 4; lastKnownFileType = text; path = "项目策划"; sourceTree = "<group>"; };
		EAE0867C1C562240007D699E /* DataFactory.h */ = {isa = PBXFileReference; fileEncoding = 4; lastKnownFileType = sourcecode.c.h; path = DataFactory.h; sourceTree = "<group>"; };
		EAE0867D1C562240007D699E /* DataFactory.m */ = {isa = PBXFileReference; fileEncoding = 4; lastKnownFileType = sourcecode.c.objc; path = DataFactory.m; sourceTree = "<group>"; };
		EAE0868B1C562240007D699E /* new_cuvModel.h */ = {isa = PBXFileReference; fileEncoding = 4; lastKnownFileType = sourcecode.c.h; path = new_cuvModel.h; sourceTree = "<group>"; };
		EAE0868C1C562240007D699E /* new_cuvModel.m */ = {isa = PBXFileReference; fileEncoding = 4; lastKnownFileType = sourcecode.c.objc; path = new_cuvModel.m; sourceTree = "<group>"; };
		EAE0868D1C562240007D699E /* new_ncvModel.h */ = {isa = PBXFileReference; fileEncoding = 4; lastKnownFileType = sourcecode.c.h; path = new_ncvModel.h; sourceTree = "<group>"; };
		EAE0868E1C562240007D699E /* new_ncvModel.m */ = {isa = PBXFileReference; fileEncoding = 4; lastKnownFileType = sourcecode.c.objc; path = new_ncvModel.m; sourceTree = "<group>"; };
		EAE0868F1C562240007D699E /* new_nivModel.h */ = {isa = PBXFileReference; fileEncoding = 4; lastKnownFileType = sourcecode.c.h; path = new_nivModel.h; sourceTree = "<group>"; };
		EAE086901C562240007D699E /* new_nivModel.m */ = {isa = PBXFileReference; fileEncoding = 4; lastKnownFileType = sourcecode.c.objc; path = new_nivModel.m; sourceTree = "<group>"; };
		EAE086911C562240007D699E /* old_cuvModel.h */ = {isa = PBXFileReference; fileEncoding = 4; lastKnownFileType = sourcecode.c.h; path = old_cuvModel.h; sourceTree = "<group>"; };
		EAE086921C562240007D699E /* old_cuvModel.m */ = {isa = PBXFileReference; fileEncoding = 4; lastKnownFileType = sourcecode.c.objc; path = old_cuvModel.m; sourceTree = "<group>"; };
		EAE086931C562240007D699E /* old_ncvModel.h */ = {isa = PBXFileReference; fileEncoding = 4; lastKnownFileType = sourcecode.c.h; path = old_ncvModel.h; sourceTree = "<group>"; };
		EAE086941C562240007D699E /* old_ncvModel.m */ = {isa = PBXFileReference; fileEncoding = 4; lastKnownFileType = sourcecode.c.objc; path = old_ncvModel.m; sourceTree = "<group>"; };
		EAE086951C562240007D699E /* old_nivModel.h */ = {isa = PBXFileReference; fileEncoding = 4; lastKnownFileType = sourcecode.c.h; path = old_nivModel.h; sourceTree = "<group>"; };
		EAE086961C562240007D699E /* old_nivModel.m */ = {isa = PBXFileReference; fileEncoding = 4; lastKnownFileType = sourcecode.c.objc; path = old_nivModel.m; sourceTree = "<group>"; };
		EAE086981C562240007D699E /* SandboxFile.h */ = {isa = PBXFileReference; fileEncoding = 4; lastKnownFileType = sourcecode.c.h; path = SandboxFile.h; sourceTree = "<group>"; };
		EAE086991C562240007D699E /* SandboxFile.m */ = {isa = PBXFileReference; fileEncoding = 4; lastKnownFileType = sourcecode.c.objc; path = SandboxFile.m; sourceTree = "<group>"; };
		EAE0869B1C562240007D699E /* HolyBible.db */ = {isa = PBXFileReference; lastKnownFileType = file; path = HolyBible.db; sourceTree = "<group>"; };
		EAE0869F1C562240007D699E /* Default-568h@2x.png */ = {isa = PBXFileReference; lastKnownFileType = image.png; path = "Default-568h@2x.png"; sourceTree = "<group>"; };
		EAE086A01C562240007D699E /* icon1.png */ = {isa = PBXFileReference; lastKnownFileType = image.png; path = icon1.png; sourceTree = "<group>"; };
		EAE086A11C562240007D699E /* testNav.png */ = {isa = PBXFileReference; lastKnownFileType = image.png; path = testNav.png; sourceTree = "<group>"; };
		EAE086A21C562240007D699E /* testNav@2x.png */ = {isa = PBXFileReference; lastKnownFileType = image.png; path = "testNav@2x.png"; sourceTree = "<group>"; };
		EAE086A61C562240007D699E /* SNavigationBar.h */ = {isa = PBXFileReference; fileEncoding = 4; lastKnownFileType = sourcecode.c.h; path = SNavigationBar.h; sourceTree = "<group>"; };
		EAE086A71C562240007D699E /* SNavigationBar.m */ = {isa = PBXFileReference; fileEncoding = 4; lastKnownFileType = sourcecode.c.objc; path = SNavigationBar.m; sourceTree = "<group>"; };
		EAE086AD1C562240007D699E /* STabbar.h */ = {isa = PBXFileReference; fileEncoding = 4; lastKnownFileType = sourcecode.c.h; path = STabbar.h; sourceTree = "<group>"; };
		EAE086AE1C562240007D699E /* STabbar.m */ = {isa = PBXFileReference; fileEncoding = 4; lastKnownFileType = sourcecode.c.objc; path = STabbar.m; sourceTree = "<group>"; };
		EAE086AF1C562240007D699E /* STabbar.plist */ = {isa = PBXFileReference; fileEncoding = 4; lastKnownFileType = text.plist.xml; path = STabbar.plist; sourceTree = "<group>"; };
		EAE086B11C562240007D699E /* RootViewController.h */ = {isa = PBXFileReference; fileEncoding = 4; lastKnownFileType = sourcecode.c.h; path = RootViewController.h; sourceTree = "<group>"; };
		EAE086B21C562240007D699E /* RootViewController.m */ = {isa = PBXFileReference; fileEncoding = 4; lastKnownFileType = sourcecode.c.objc; path = RootViewController.m; sourceTree = "<group>"; };
		EAE086B31C562240007D699E /* RootViewController.xib */ = {isa = PBXFileReference; fileEncoding = 4; lastKnownFileType = file.xib; path = RootViewController.xib; sourceTree = "<group>"; };
		EAE086B61C562240007D699E /* SJSNoteViewController.xib */ = {isa = PBXFileReference; fileEncoding = 4; lastKnownFileType = file.xib; path = SJSNoteViewController.xib; sourceTree = "<group>"; };
		EAE086B71C562240007D699E /* SJSReadingViewController.h */ = {isa = PBXFileReference; fileEncoding = 4; lastKnownFileType = sourcecode.c.h; path = SJSReadingViewController.h; sourceTree = "<group>"; };
		EAE086B81C562240007D699E /* SJSReadingViewController.m */ = {isa = PBXFileReference; fileEncoding = 4; lastKnownFileType = sourcecode.c.objc; path = SJSReadingViewController.m; sourceTree = "<group>"; };
		EAE086B91C562240007D699E /* SJSReadingViewController.xib */ = {isa = PBXFileReference; fileEncoding = 4; lastKnownFileType = file.xib; path = SJSReadingViewController.xib; sourceTree = "<group>"; };
		EAE086BA1C562240007D699E /* SJSSettingViewController.h */ = {isa = PBXFileReference; fileEncoding = 4; lastKnownFileType = sourcecode.c.h; path = SJSSettingViewController.h; sourceTree = "<group>"; };
		EAE086BB1C562240007D699E /* SJSSettingViewController.m */ = {isa = PBXFileReference; fileEncoding = 4; lastKnownFileType = sourcecode.c.objc; path = SJSSettingViewController.m; sourceTree = "<group>"; };
		EAE086BC1C562240007D699E /* SJSSettingViewController.xib */ = {isa = PBXFileReference; fileEncoding = 4; lastKnownFileType = file.xib; path = SJSSettingViewController.xib; sourceTree = "<group>"; };
		EAE086E21C5622CE007D699E /* AppDelegate.h */ = {isa = PBXFileReference; fileEncoding = 4; lastKnownFileType = sourcecode.c.h; path = AppDelegate.h; sourceTree = "<group>"; };
		EAE086E31C5622CE007D699E /* AppDelegate.m */ = {isa = PBXFileReference; fileEncoding = 4; lastKnownFileType = sourcecode.c.objc; path = AppDelegate.m; sourceTree = "<group>"; };
		EAE086E51C562375007D699E /* ViewController.h */ = {isa = PBXFileReference; fileEncoding = 4; lastKnownFileType = sourcecode.c.h; path = ViewController.h; sourceTree = "<group>"; };
		EAE086E61C562375007D699E /* ViewController.m */ = {isa = PBXFileReference; fileEncoding = 4; lastKnownFileType = sourcecode.c.objc; path = ViewController.m; sourceTree = "<group>"; };
		EAE086E81C562444007D699E /* libsqlite3.0.dylib */ = {isa = PBXFileReference; lastKnownFileType = "compiled.mach-o.dylib"; name = libsqlite3.0.dylib; path = usr/lib/libsqlite3.0.dylib; sourceTree = SDKROOT; };
		EAE086EB1C5629F9007D699E /* FMDatabase.h */ = {isa = PBXFileReference; fileEncoding = 4; lastKnownFileType = sourcecode.c.h; path = FMDatabase.h; sourceTree = "<group>"; };
		EAE086EC1C5629F9007D699E /* FMDatabase.m */ = {isa = PBXFileReference; fileEncoding = 4; lastKnownFileType = sourcecode.c.objc; path = FMDatabase.m; sourceTree = "<group>"; };
		EAE086ED1C5629F9007D699E /* FMDatabaseAdditions.h */ = {isa = PBXFileReference; fileEncoding = 4; lastKnownFileType = sourcecode.c.h; path = FMDatabaseAdditions.h; sourceTree = "<group>"; };
		EAE086EE1C5629F9007D699E /* FMDatabaseAdditions.m */ = {isa = PBXFileReference; fileEncoding = 4; lastKnownFileType = sourcecode.c.objc; path = FMDatabaseAdditions.m; sourceTree = "<group>"; };
		EAE086EF1C5629F9007D699E /* FMDatabasePool.h */ = {isa = PBXFileReference; fileEncoding = 4; lastKnownFileType = sourcecode.c.h; path = FMDatabasePool.h; sourceTree = "<group>"; };
		EAE086F01C5629F9007D699E /* FMDatabasePool.m */ = {isa = PBXFileReference; fileEncoding = 4; lastKnownFileType = sourcecode.c.objc; path = FMDatabasePool.m; sourceTree = "<group>"; };
		EAE086F11C5629F9007D699E /* FMDatabaseQueue.h */ = {isa = PBXFileReference; fileEncoding = 4; lastKnownFileType = sourcecode.c.h; path = FMDatabaseQueue.h; sourceTree = "<group>"; };
		EAE086F21C5629F9007D699E /* FMDatabaseQueue.m */ = {isa = PBXFileReference; fileEncoding = 4; lastKnownFileType = sourcecode.c.objc; path = FMDatabaseQueue.m; sourceTree = "<group>"; };
		EAE086F31C5629F9007D699E /* FMDB.h */ = {isa = PBXFileReference; fileEncoding = 4; lastKnownFileType = sourcecode.c.h; path = FMDB.h; sourceTree = "<group>"; };
		EAE086F41C5629F9007D699E /* FMResultSet.h */ = {isa = PBXFileReference; fileEncoding = 4; lastKnownFileType = sourcecode.c.h; path = FMResultSet.h; sourceTree = "<group>"; };
		EAE086F51C5629F9007D699E /* FMResultSet.m */ = {isa = PBXFileReference; fileEncoding = 4; lastKnownFileType = sourcecode.c.objc; path = FMResultSet.m; sourceTree = "<group>"; };
		EAE086F61C5629F9007D699E /* LKDaoBase.h */ = {isa = PBXFileReference; fileEncoding = 4; lastKnownFileType = sourcecode.c.h; path = LKDaoBase.h; sourceTree = "<group>"; };
		EAE086F71C5629F9007D699E /* LKDaoBase.m */ = {isa = PBXFileReference; fileEncoding = 4; lastKnownFileType = sourcecode.c.objc; path = LKDaoBase.m; sourceTree = "<group>"; };
		EAE086FF1C5650CA007D699E /* collection_tabbar.png */ = {isa = PBXFileReference; lastKnownFileType = image.png; path = collection_tabbar.png; sourceTree = "<group>"; };
		EAE087001C5650CA007D699E /* collection_tabbar@2x.png */ = {isa = PBXFileReference; lastKnownFileType = image.png; path = "collection_tabbar@2x.png"; sourceTree = "<group>"; };
		EAE087011C5650CA007D699E /* collection_tabbar@3x.png */ = {isa = PBXFileReference; lastKnownFileType = image.png; path = "collection_tabbar@3x.png"; sourceTree = "<group>"; };
		EAE087021C5650CA007D699E /* reading_tabbar.png */ = {isa = PBXFileReference; lastKnownFileType = image.png; path = reading_tabbar.png; sourceTree = "<group>"; };
		EAE087031C5650CA007D699E /* reading_tabbar@2x.png */ = {isa = PBXFileReference; lastKnownFileType = image.png; path = "reading_tabbar@2x.png"; sourceTree = "<group>"; };
		EAE087041C5650CA007D699E /* reading_tabbar@3x.png */ = {isa = PBXFileReference; lastKnownFileType = image.png; path = "reading_tabbar@3x.png"; sourceTree = "<group>"; };
		EAE087051C5650CA007D699E /* search_tabbar.png */ = {isa = PBXFileReference; lastKnownFileType = image.png; path = search_tabbar.png; sourceTree = "<group>"; };
		EAE087061C5650CA007D699E /* search_tabbar@2x.png */ = {isa = PBXFileReference; lastKnownFileType = image.png; path = "search_tabbar@2x.png"; sourceTree = "<group>"; };
		EAE087071C5650CA007D699E /* search_tabbar@3x.png */ = {isa = PBXFileReference; lastKnownFileType = image.png; path = "search_tabbar@3x.png"; sourceTree = "<group>"; };
		EAE087081C5650CA007D699E /* setting_tabbar.png */ = {isa = PBXFileReference; lastKnownFileType = image.png; path = setting_tabbar.png; sourceTree = "<group>"; };
		EAE087091C5650CA007D699E /* setting_tabbar@2x.png */ = {isa = PBXFileReference; lastKnownFileType = image.png; path = "setting_tabbar@2x.png"; sourceTree = "<group>"; };
		EAE0870A1C5650CA007D699E /* setting_tabbar@3x.png */ = {isa = PBXFileReference; lastKnownFileType = image.png; path = "setting_tabbar@3x.png"; sourceTree = "<group>"; };
		EAE087171C5651F4007D699E /* DefineUI.h */ = {isa = PBXFileReference; lastKnownFileType = sourcecode.c.h; path = DefineUI.h; sourceTree = "<group>"; };
		EAE087181C565AC2007D699E /* PublicFunctions.h */ = {isa = PBXFileReference; fileEncoding = 4; lastKnownFileType = sourcecode.c.h; path = PublicFunctions.h; sourceTree = "<group>"; };
		EAE087191C565AC2007D699E /* PublicFunctions.m */ = {isa = PBXFileReference; fileEncoding = 4; lastKnownFileType = sourcecode.c.objc; path = PublicFunctions.m; sourceTree = "<group>"; };
/* End PBXFileReference section */

/* Begin PBXFrameworksBuildPhase section */
		EAE0864E1C5621AB007D699E /* Frameworks */ = {
			isa = PBXFrameworksBuildPhase;
			buildActionMask = 2147483647;
			files = (
				EAE086E91C562444007D699E /* libsqlite3.0.dylib in Frameworks */,
			);
			runOnlyForDeploymentPostprocessing = 0;
		};
		EAE086671C5621AB007D699E /* Frameworks */ = {
			isa = PBXFrameworksBuildPhase;
			buildActionMask = 2147483647;
			files = (
			);
			runOnlyForDeploymentPostprocessing = 0;
		};
/* End PBXFrameworksBuildPhase section */

/* Begin PBXGroup section */
		EA75FC981C5A5D4C00B10E87 /* List */ = {
			isa = PBXGroup;
			children = (
				EA75FC991C5A5D8D00B10E87 /* SJSListViewController.h */,
				EA75FC9A1C5A5D8D00B10E87 /* SJSListViewController.m */,
				EA75FC9B1C5A5D8D00B10E87 /* SJSListViewController.xib */,
			);
			path = List;
			sourceTree = "<group>";
		};
		EA75FC9E1C5A606500B10E87 /* Statistrics */ = {
			isa = PBXGroup;
			children = (
				EA75FC9F1C5A607E00B10E87 /* SJSStatistricsViewController.h */,
				EA75FCA01C5A607E00B10E87 /* SJSStatistricsViewController.m */,
				EA75FCA11C5A607E00B10E87 /* SJSStatistricsViewController.xib */,
			);
			path = Statistrics;
			sourceTree = "<group>";
		};
		EA75FCA41C5A627E00B10E87 /* Notices */ = {
			isa = PBXGroup;
			children = (
				EA75FCA51C5A629500B10E87 /* NoticeHeader.h */,
			);
			path = Notices;
			sourceTree = "<group>";
		};
		EA8488D41C590BDA00F4D705 /* NavigationBar */ = {
			isa = PBXGroup;
			children = (
				EA8488DF1C59100000F4D705 /* list_nav.png */,
				EA8488E01C59100000F4D705 /* list_nav@2x.png */,
				EA8488E11C59100000F4D705 /* list_nav@3x.png */,
				EA8488E21C59100000F4D705 /* statistrics_nav.png */,
				EA8488E31C59100000F4D705 /* statistrics_nav@2x.png */,
				EA8488E41C59100000F4D705 /* statistrics_nav@3x.png */,
				EA8488D51C590BDA00F4D705 /* back.png */,
				EA8488D61C590BDA00F4D705 /* back@2x.png */,
				EA8488D71C590BDA00F4D705 /* calendar_nav.png */,
				EA8488D81C590BDA00F4D705 /* calendar_nav@2x.png */,
				EA8488D91C590BDA00F4D705 /* calendar_nav@3x.png */,
			);
			path = NavigationBar;
			sourceTree = "<group>";
		};
		EA88207C1C5B7FE000376266 /* MoreList */ = {
			isa = PBXGroup;
			children = (
				EA88207D1C5B7FE000376266 /* HeadView.h */,
				EA88207E1C5B7FE000376266 /* HeadView.m */,
			);
			path = MoreList;
			sourceTree = "<group>";
		};
		EA8821251C5CBB6600376266 /* Calendar */ = {
			isa = PBXGroup;
			children = (
				EA8821261C5CBB6600376266 /* JBSXRCUnitTileView.h */,
				EA8821271C5CBB6600376266 /* JBSXRCUnitTileView.m */,
				EA8821281C5CBB6600376266 /* Library */,
				EA88214A1C5CBB6600376266 /* Resource */,
			);
			path = Calendar;
			sourceTree = "<group>";
		};
		EA8821281C5CBB6600376266 /* Library */ = {
			isa = PBXGroup;
			children = (
				EA8821291C5CBB6600376266 /* JustBen */,
			);
			path = Library;
			sourceTree = "<group>";
		};
		EA8821291C5CBB6600376266 /* JustBen */ = {
			isa = PBXGroup;
			children = (
				EA88212A1C5CBB6600376266 /* JBCalendar */,
				EA8821421C5CBB6600376266 /* JBDefine.h */,
				EA8821431C5CBB6600376266 /* LocalFileManager */,
			);
			path = JustBen;
			sourceTree = "<group>";
		};
		EA88212A1C5CBB6600376266 /* JBCalendar */ = {
			isa = PBXGroup;
			children = (
				EA88212B1C5CBB6600376266 /* JBCalendarDataSourceDelegate.h */,
				EA88212C1C5CBB6600376266 /* JBCalendarDate.h */,
				EA88212D1C5CBB6600376266 /* JBCalendarDate.m */,
				EA88212E1C5CBB6600376266 /* JBCalendarDelegate.h */,
				EA88212F1C5CBB6600376266 /* JBCalendarLogic.h */,
				EA8821301C5CBB6600376266 /* JBCalendarLogic.m */,
				EA8821311C5CBB6600376266 /* JBEventModel.h */,
				EA8821321C5CBB6600376266 /* JBEventModel.m */,
				EA8821331C5CBB6600376266 /* JBUnitGridView.h */,
				EA8821341C5CBB6600376266 /* JBUnitGridView.m */,
				EA8821351C5CBB6600376266 /* JBUnitTileView.h */,
				EA8821361C5CBB6600376266 /* JBUnitTileView.m */,
				EA8821371C5CBB6600376266 /* JBUnitView.h */,
				EA8821381C5CBB6600376266 /* JBUnitView.m */,
				EA8821391C5CBB6600376266 /* JBWeekdaysBarView.h */,
				EA88213A1C5CBB6600376266 /* JBWeekdaysBarView.m */,
				EA88213B1C5CBB6600376266 /* LunarCalendar */,
				EA88213E1C5CBB6600376266 /* NSDate */,
				EA8821411C5CBB6600376266 /* README */,
			);
			path = JBCalendar;
			sourceTree = "<group>";
		};
		EA88213B1C5CBB6600376266 /* LunarCalendar */ = {
			isa = PBXGroup;
			children = (
				EA88213C1C5CBB6600376266 /* LunarCalendar.h */,
				EA88213D1C5CBB6600376266 /* LunarCalendar.m */,
			);
			path = LunarCalendar;
			sourceTree = "<group>";
		};
		EA88213E1C5CBB6600376266 /* NSDate */ = {
			isa = PBXGroup;
			children = (
				EA88213F1C5CBB6600376266 /* NSDate+Calendar.h */,
				EA8821401C5CBB6600376266 /* NSDate+Calendar.m */,
			);
			path = NSDate;
			sourceTree = "<group>";
		};
		EA8821431C5CBB6600376266 /* LocalFileManager */ = {
			isa = PBXGroup;
			children = (
				EA8821441C5CBB6600376266 /* JBBasicFileManager.h */,
				EA8821451C5CBB6600376266 /* JBBasicFileManager.m */,
				EA8821461C5CBB6600376266 /* JBImageFileManager.h */,
				EA8821471C5CBB6600376266 /* JBImageFileManager.m */,
				EA8821481C5CBB6600376266 /* JBPlistFileManager.h */,
				EA8821491C5CBB6600376266 /* JBPlistFileManager.m */,
			);
			path = LocalFileManager;
			sourceTree = "<group>";
		};
		EA88214A1C5CBB6600376266 /* Resource */ = {
			isa = PBXGroup;
			children = (
				EA88214B1C5CBB6600376266 /* weekdaysBarView.png */,
				EA88214C1C5CBB6600376266 /* weekdaysBarView@2x.png */,
			);
			path = Resource;
			sourceTree = "<group>";
		};
		EA88215F1C608C4100376266 /* Icon */ = {
			isa = PBXGroup;
			children = (
				EA8821601C608C4100376266 /* Icon-60.png */,
				EA8821611C608C4100376266 /* Icon-60@2x.png */,
				EA8821621C608C4100376266 /* Icon-60@3x.png */,
				EA8821631C608C4100376266 /* Icon-72.png */,
				EA8821641C608C4100376266 /* Icon-72@2x.png */,
				EA8821651C608C4100376266 /* Icon-76.png */,
				EA8821661C608C4100376266 /* Icon-76@2x.png */,
				EA8821671C608C4100376266 /* Icon-76@3x.png */,
				EA8821681C608C4100376266 /* Icon-iPadPro@2x.png */,
				EA8821691C608C4100376266 /* Icon-Small-50.png */,
				EA88216A1C608C4100376266 /* Icon-Small-50@2x.png */,
				EA88216B1C608C4100376266 /* Icon-Small.png */,
				EA88216C1C608C4100376266 /* Icon-Small@2x.png */,
				EA88216D1C608C4100376266 /* Icon-Small@3x.png */,
				EA88216E1C608C4100376266 /* Icon-Spotlight-40.png */,
				EA88216F1C608C4100376266 /* Icon-Spotlight-40@2x.png */,
				EA8821701C608C4100376266 /* Icon-Spotlight-40@3x.png */,
				EA8821711C608C4100376266 /* Icon.png */,
				EA8821721C608C4100376266 /* Icon@2x.png */,
				EA8821731C608C4100376266 /* iTunesArtwork */,
				EA8821741C608C4100376266 /* iTunesArtwork@2x */,
			);
			path = Icon;
			sourceTree = "<group>";
		};
		EA88218F1C60A40500376266 /* Manager */ = {
			isa = PBXGroup;
			children = (
				EA8821901C60A40500376266 /* DefineManager.h */,
				EA8821911C60A40500376266 /* ReadPlistManager.h */,
				EA8821921C60A40500376266 /* ReadPlistManager.m */,
			);
			path = Manager;
			sourceTree = "<group>";
		};
		EAE086481C5621AB007D699E = {
			isa = PBXGroup;
			children = (
				EAE086E81C562444007D699E /* libsqlite3.0.dylib */,
				EAE086531C5621AB007D699E /* Reading365 */,
				EAE0866D1C5621AB007D699E /* Reading365Tests */,
				EAE086521C5621AB007D699E /* Products */,
			);
			sourceTree = "<group>";
		};
		EAE086521C5621AB007D699E /* Products */ = {
			isa = PBXGroup;
			children = (
				EAE086511C5621AB007D699E /* Reading365.app */,
				EAE0866A1C5621AB007D699E /* Reading365Tests.xctest */,
			);
			name = Products;
			sourceTree = "<group>";
		};
		EAE086531C5621AB007D699E /* Reading365 */ = {
			isa = PBXGroup;
			children = (
				EA88218F1C60A40500376266 /* Manager */,
				EAE086E11C5622CE007D699E /* Delegate */,
				EAE0867A1C562240007D699E /* 项目策划 */,
				EAE0867B1C562240007D699E /* Data */,
				EAE0869A1C562240007D699E /* db */,
				EAE0869C1C562240007D699E /* Image */,
				EAE086A31C562240007D699E /* Tools */,
				EAE086B01C562240007D699E /* View */,
				EAE0865E1C5621AB007D699E /* Main.storyboard */,
				EAE086611C5621AB007D699E /* Images.xcassets */,
				EAE086631C5621AB007D699E /* LaunchScreen.xib */,
				EAE086541C5621AB007D699E /* Supporting Files */,
			);
			path = Reading365;
			sourceTree = "<group>";
		};
		EAE086541C5621AB007D699E /* Supporting Files */ = {
			isa = PBXGroup;
			children = (
				EAE086551C5621AB007D699E /* Info.plist */,
				EAE086561C5621AB007D699E /* main.m */,
			);
			name = "Supporting Files";
			sourceTree = "<group>";
		};
		EAE0866D1C5621AB007D699E /* Reading365Tests */ = {
			isa = PBXGroup;
			children = (
				EAE086701C5621AB007D699E /* Reading365Tests.m */,
				EAE0866E1C5621AB007D699E /* Supporting Files */,
			);
			path = Reading365Tests;
			sourceTree = "<group>";
		};
		EAE0866E1C5621AB007D699E /* Supporting Files */ = {
			isa = PBXGroup;
			children = (
				EAE0866F1C5621AB007D699E /* Info.plist */,
			);
			name = "Supporting Files";
			sourceTree = "<group>";
		};
		EAE0867B1C562240007D699E /* Data */ = {
			isa = PBXGroup;
			children = (
				EAE086EA1C5629E9007D699E /* FMDB */,
				EAE0867C1C562240007D699E /* DataFactory.h */,
				EAE0867D1C562240007D699E /* DataFactory.m */,
				EAE0868B1C562240007D699E /* new_cuvModel.h */,
				EAE0868C1C562240007D699E /* new_cuvModel.m */,
				EAE0868D1C562240007D699E /* new_ncvModel.h */,
				EAE0868E1C562240007D699E /* new_ncvModel.m */,
				EAE0868F1C562240007D699E /* new_nivModel.h */,
				EAE086901C562240007D699E /* new_nivModel.m */,
				EAE086911C562240007D699E /* old_cuvModel.h */,
				EAE086921C562240007D699E /* old_cuvModel.m */,
				EAE086931C562240007D699E /* old_ncvModel.h */,
				EAE086941C562240007D699E /* old_ncvModel.m */,
				EAE086951C562240007D699E /* old_nivModel.h */,
				EAE086961C562240007D699E /* old_nivModel.m */,
				EAE086971C562240007D699E /* Sandbox */,
			);
			path = Data;
			sourceTree = "<group>";
		};
		EAE086971C562240007D699E /* Sandbox */ = {
			isa = PBXGroup;
			children = (
				EAE086981C562240007D699E /* SandboxFile.h */,
				EAE086991C562240007D699E /* SandboxFile.m */,
			);
			path = Sandbox;
			sourceTree = "<group>";
		};
		EAE0869A1C562240007D699E /* db */ = {
			isa = PBXGroup;
			children = (
				EAE0869B1C562240007D699E /* HolyBible.db */,
			);
			path = db;
			sourceTree = "<group>";
		};
		EAE0869C1C562240007D699E /* Image */ = {
			isa = PBXGroup;
			children = (
				EA88215F1C608C4100376266 /* Icon */,
				EA8488D41C590BDA00F4D705 /* NavigationBar */,
				EAE086FE1C5650BE007D699E /* Tabbar */,
				EAE0869F1C562240007D699E /* Default-568h@2x.png */,
				EAE086A01C562240007D699E /* icon1.png */,
				EAE086A11C562240007D699E /* testNav.png */,
				EAE086A21C562240007D699E /* testNav@2x.png */,
			);
			path = Image;
			sourceTree = "<group>";
		};
		EAE086A31C562240007D699E /* Tools */ = {
			isa = PBXGroup;
			children = (
				EA8821251C5CBB6600376266 /* Calendar */,
				EA88207C1C5B7FE000376266 /* MoreList */,
				EA75FCA41C5A627E00B10E87 /* Notices */,
				EAE087181C565AC2007D699E /* PublicFunctions.h */,
				EAE087191C565AC2007D699E /* PublicFunctions.m */,
				EAE086A51C562240007D699E /* Navigation */,
				EAE086AA1C562240007D699E /* Tabbar */,
				EAE087171C5651F4007D699E /* DefineUI.h */,
				EA8820801C5B8FF400376266 /* Reading365List.plist */,
			);
			path = Tools;
			sourceTree = "<group>";
		};
		EAE086A51C562240007D699E /* Navigation */ = {
			isa = PBXGroup;
			children = (
				EAE086A61C562240007D699E /* SNavigationBar.h */,
				EAE086A71C562240007D699E /* SNavigationBar.m */,
			);
			path = Navigation;
			sourceTree = "<group>";
		};
		EAE086AA1C562240007D699E /* Tabbar */ = {
			isa = PBXGroup;
			children = (
				EAE086AD1C562240007D699E /* STabbar.h */,
				EAE086AE1C562240007D699E /* STabbar.m */,
				EAE086AF1C562240007D699E /* STabbar.plist */,
			);
			path = Tabbar;
			sourceTree = "<group>";
		};
		EAE086B01C562240007D699E /* View */ = {
			isa = PBXGroup;
			children = (
				EA75FC9E1C5A606500B10E87 /* Statistrics */,
				EA75FC981C5A5D4C00B10E87 /* List */,
				EAE086E51C562375007D699E /* ViewController.h */,
				EAE086E61C562375007D699E /* ViewController.m */,
				EAE086B11C562240007D699E /* RootViewController.h */,
				EAE086B21C562240007D699E /* RootViewController.m */,
				EAE086B31C562240007D699E /* RootViewController.xib */,
				EAE086B61C562240007D699E /* SJSNoteViewController.xib */,
				EAE086B71C562240007D699E /* SJSReadingViewController.h */,
				EAE086B81C562240007D699E /* SJSReadingViewController.m */,
				EAE086B91C562240007D699E /* SJSReadingViewController.xib */,
				EAE086BA1C562240007D699E /* SJSSettingViewController.h */,
				EAE086BB1C562240007D699E /* SJSSettingViewController.m */,
				EAE086BC1C562240007D699E /* SJSSettingViewController.xib */,
				EA8488C31C58F70A00F4D705 /* SJSCollectionViewController.h */,
				EA8488C41C58F70A00F4D705 /* SJSCollectionViewController.m */,
				EA8488C51C58F70A00F4D705 /* SJSCollectionViewController.xib */,
				EA8488C81C58F72600F4D705 /* SJSSearchViewController.h */,
				EA8488C91C58F72600F4D705 /* SJSSearchViewController.m */,
				EA8488CA1C58F72600F4D705 /* SJSSearchViewController.xib */,
				EA8488CD1C58F7E300F4D705 /* ViewHeader.h */,
			);
			path = View;
			sourceTree = "<group>";
		};
		EAE086E11C5622CE007D699E /* Delegate */ = {
			isa = PBXGroup;
			children = (
				EAE086E21C5622CE007D699E /* AppDelegate.h */,
				EAE086E31C5622CE007D699E /* AppDelegate.m */,
			);
			path = Delegate;
			sourceTree = "<group>";
		};
		EAE086EA1C5629E9007D699E /* FMDB */ = {
			isa = PBXGroup;
			children = (
				EAE086EB1C5629F9007D699E /* FMDatabase.h */,
				EAE086EC1C5629F9007D699E /* FMDatabase.m */,
				EAE086ED1C5629F9007D699E /* FMDatabaseAdditions.h */,
				EAE086EE1C5629F9007D699E /* FMDatabaseAdditions.m */,
				EAE086EF1C5629F9007D699E /* FMDatabasePool.h */,
				EAE086F01C5629F9007D699E /* FMDatabasePool.m */,
				EAE086F11C5629F9007D699E /* FMDatabaseQueue.h */,
				EAE086F21C5629F9007D699E /* FMDatabaseQueue.m */,
				EAE086F31C5629F9007D699E /* FMDB.h */,
				EAE086F41C5629F9007D699E /* FMResultSet.h */,
				EAE086F51C5629F9007D699E /* FMResultSet.m */,
				EAE086F61C5629F9007D699E /* LKDaoBase.h */,
				EAE086F71C5629F9007D699E /* LKDaoBase.m */,
			);
			path = FMDB;
			sourceTree = "<group>";
		};
		EAE086FE1C5650BE007D699E /* Tabbar */ = {
			isa = PBXGroup;
			children = (
				EA8488AB1C58B4ED00F4D705 /* collection_sel_tabbar.png */,
				EA8488AC1C58B4ED00F4D705 /* collection_sel_tabbar@2x.png */,
				EA8488AD1C58B4ED00F4D705 /* collection_sel_tabbar@3x.png */,
				EA8488AE1C58B4ED00F4D705 /* reading_sel_tabbar.png */,
				EA8488AF1C58B4ED00F4D705 /* reading_sel_tabbar@2x.png */,
				EA8488B01C58B4ED00F4D705 /* reading_sel_tabbar@3x.png */,
				EA8488B11C58B4ED00F4D705 /* search_sel_tabbar.png */,
				EA8488B21C58B4ED00F4D705 /* search_sel_tabbar@2x.png */,
				EA8488B31C58B4ED00F4D705 /* search_sel_tabbar@3x.png */,
				EA8488B41C58B4ED00F4D705 /* setting_sel_tabbar.png */,
				EA8488B51C58B4ED00F4D705 /* setting_sel_tabbar@2x.png */,
				EA8488B61C58B4ED00F4D705 /* setting_sel_tabbar@3x.png */,
				EAE086FF1C5650CA007D699E /* collection_tabbar.png */,
				EAE087001C5650CA007D699E /* collection_tabbar@2x.png */,
				EAE087011C5650CA007D699E /* collection_tabbar@3x.png */,
				EAE087021C5650CA007D699E /* reading_tabbar.png */,
				EAE087031C5650CA007D699E /* reading_tabbar@2x.png */,
				EAE087041C5650CA007D699E /* reading_tabbar@3x.png */,
				EAE087051C5650CA007D699E /* search_tabbar.png */,
				EAE087061C5650CA007D699E /* search_tabbar@2x.png */,
				EAE087071C5650CA007D699E /* search_tabbar@3x.png */,
				EAE087081C5650CA007D699E /* setting_tabbar.png */,
				EAE087091C5650CA007D699E /* setting_tabbar@2x.png */,
				EAE0870A1C5650CA007D699E /* setting_tabbar@3x.png */,
			);
			path = Tabbar;
			sourceTree = "<group>";
		};
/* End PBXGroup section */

/* Begin PBXNativeTarget section */
		EAE086501C5621AB007D699E /* Reading365 */ = {
			isa = PBXNativeTarget;
			buildConfigurationList = EAE086741C5621AB007D699E /* Build configuration list for PBXNativeTarget "Reading365" */;
			buildPhases = (
				EAE0864D1C5621AB007D699E /* Sources */,
				EAE0864E1C5621AB007D699E /* Frameworks */,
				EAE0864F1C5621AB007D699E /* Resources */,
			);
			buildRules = (
			);
			dependencies = (
			);
			name = Reading365;
			productName = Reading365;
			productReference = EAE086511C5621AB007D699E /* Reading365.app */;
			productType = "com.apple.product-type.application";
		};
		EAE086691C5621AB007D699E /* Reading365Tests */ = {
			isa = PBXNativeTarget;
			buildConfigurationList = EAE086771C5621AB007D699E /* Build configuration list for PBXNativeTarget "Reading365Tests" */;
			buildPhases = (
				EAE086661C5621AB007D699E /* Sources */,
				EAE086671C5621AB007D699E /* Frameworks */,
				EAE086681C5621AB007D699E /* Resources */,
			);
			buildRules = (
			);
			dependencies = (
				EAE0866C1C5621AB007D699E /* PBXTargetDependency */,
			);
			name = Reading365Tests;
			productName = Reading365Tests;
			productReference = EAE0866A1C5621AB007D699E /* Reading365Tests.xctest */;
			productType = "com.apple.product-type.bundle.unit-test";
		};
/* End PBXNativeTarget section */

/* Begin PBXProject section */
		EAE086491C5621AB007D699E /* Project object */ = {
			isa = PBXProject;
			attributes = {
				LastUpgradeCheck = 0640;
				ORGANIZATIONNAME = SunJishuai;
				TargetAttributes = {
					EAE086501C5621AB007D699E = {
						CreatedOnToolsVersion = 6.4;
						DevelopmentTeam = 9KE3972R7M;
					};
					EAE086691C5621AB007D699E = {
						CreatedOnToolsVersion = 6.4;
						TestTargetID = EAE086501C5621AB007D699E;
					};
				};
			};
			buildConfigurationList = EAE0864C1C5621AB007D699E /* Build configuration list for PBXProject "Reading365" */;
			compatibilityVersion = "Xcode 3.2";
			developmentRegion = English;
			hasScannedForEncodings = 0;
			knownRegions = (
				en,
				Base,
			);
			mainGroup = EAE086481C5621AB007D699E;
			productRefGroup = EAE086521C5621AB007D699E /* Products */;
			projectDirPath = "";
			projectRoot = "";
			targets = (
				EAE086501C5621AB007D699E /* Reading365 */,
				EAE086691C5621AB007D699E /* Reading365Tests */,
			);
		};
/* End PBXProject section */

/* Begin PBXResourcesBuildPhase section */
		EAE0864F1C5621AB007D699E /* Resources */ = {
			isa = PBXResourcesBuildPhase;
			buildActionMask = 2147483647;
			files = (
				EA8821751C608C4100376266 /* Icon-60.png in Resources */,
				EA8488BB1C58B4ED00F4D705 /* reading_sel_tabbar@2x.png in Resources */,
				EA88217F1C608C4100376266 /* Icon-Small-50@2x.png in Resources */,
				EA75FC9D1C5A5D8D00B10E87 /* SJSListViewController.xib in Resources */,
				EAE087101C5650CA007D699E /* reading_tabbar@3x.png in Resources */,
				EA88215B1C5CBB6600376266 /* weekdaysBarView.png in Resources */,
				EAE086601C5621AB007D699E /* Main.storyboard in Resources */,
				EAE087141C5650CA007D699E /* setting_tabbar.png in Resources */,
				EAE087131C5650CA007D699E /* search_tabbar@3x.png in Resources */,
				EA8488C11C58B4ED00F4D705 /* setting_sel_tabbar@2x.png in Resources */,
				EA8488BC1C58B4ED00F4D705 /* reading_sel_tabbar@3x.png in Resources */,
				EAE086651C5621AB007D699E /* LaunchScreen.xib in Resources */,
				EAE087151C5650CA007D699E /* setting_tabbar@2x.png in Resources */,
				EA8821811C608C4100376266 /* Icon-Small@2x.png in Resources */,
				EAE086D81C562240007D699E /* STabbar.plist in Resources */,
				EA8821841C608C4100376266 /* Icon-Spotlight-40@2x.png in Resources */,
				EA88217E1C608C4100376266 /* Icon-Small-50.png in Resources */,
				EA8488DC1C590BDA00F4D705 /* calendar_nav.png in Resources */,
				EA88217B1C608C4100376266 /* Icon-76@2x.png in Resources */,
				EAE086D11C562240007D699E /* icon1.png in Resources */,
				EA8488EA1C59100000F4D705 /* statistrics_nav@3x.png in Resources */,
				EAE0870C1C5650CA007D699E /* collection_tabbar@2x.png in Resources */,
				EA88217A1C608C4100376266 /* Icon-76.png in Resources */,
				EA8488BD1C58B4ED00F4D705 /* search_sel_tabbar.png in Resources */,
				EAE0870B1C5650CA007D699E /* collection_tabbar.png in Resources */,
				EAE0870F1C5650CA007D699E /* reading_tabbar@2x.png in Resources */,
				EA8820811C5B8FF400376266 /* Reading365List.plist in Resources */,
				EA8821861C608C4100376266 /* Icon.png in Resources */,
				EA88217C1C608C4100376266 /* Icon-76@3x.png in Resources */,
				EA8488DA1C590BDA00F4D705 /* back.png in Resources */,
				EA8488B71C58B4ED00F4D705 /* collection_sel_tabbar.png in Resources */,
				EA8488E61C59100000F4D705 /* list_nav@2x.png in Resources */,
				EA8488DB1C590BDA00F4D705 /* back@2x.png in Resources */,
				EAE0870D1C5650CA007D699E /* collection_tabbar@3x.png in Resources */,
				EAE087161C5650CA007D699E /* setting_tabbar@3x.png in Resources */,
				EAE086DA1C562240007D699E /* RootViewController.xib in Resources */,
				EA8821791C608C4100376266 /* Icon-72@2x.png in Resources */,
				EA8488DE1C590BDA00F4D705 /* calendar_nav@3x.png in Resources */,
				EAE087121C5650CA007D699E /* search_tabbar@2x.png in Resources */,
				EAE086DC1C562240007D699E /* SJSNoteViewController.xib in Resources */,
				EA8488BA1C58B4ED00F4D705 /* reading_sel_tabbar.png in Resources */,
				EA8488B81C58B4ED00F4D705 /* collection_sel_tabbar@2x.png in Resources */,
				EA8488E81C59100000F4D705 /* statistrics_nav.png in Resources */,
				EAE086D21C562240007D699E /* testNav.png in Resources */,
				EA8488C71C58F70A00F4D705 /* SJSCollectionViewController.xib in Resources */,
				EA8821771C608C4100376266 /* Icon-60@3x.png in Resources */,
				EA8821761C608C4100376266 /* Icon-60@2x.png in Resources */,
				EA8821831C608C4100376266 /* Icon-Spotlight-40.png in Resources */,
				EA8488C01C58B4ED00F4D705 /* setting_sel_tabbar.png in Resources */,
				EA8488C21C58B4ED00F4D705 /* setting_sel_tabbar@3x.png in Resources */,
				EA8488BE1C58B4ED00F4D705 /* search_sel_tabbar@2x.png in Resources */,
				EAE086CD1C562240007D699E /* HolyBible.db in Resources */,
				EAE086E01C562240007D699E /* SJSSettingViewController.xib in Resources */,
				EA8821871C608C4100376266 /* Icon@2x.png in Resources */,
				EA8821891C608C4100376266 /* iTunesArtwork@2x in Resources */,
				EAE0870E1C5650CA007D699E /* reading_tabbar.png in Resources */,
				EA8821851C608C4100376266 /* Icon-Spotlight-40@3x.png in Resources */,
				EA8488B91C58B4ED00F4D705 /* collection_sel_tabbar@3x.png in Resources */,
				EA8488BF1C58B4ED00F4D705 /* search_sel_tabbar@3x.png in Resources */,
				EA8488E51C59100000F4D705 /* list_nav.png in Resources */,
				EAE086D01C562240007D699E /* Default-568h@2x.png in Resources */,
				EAE086621C5621AB007D699E /* Images.xcassets in Resources */,
				EA8821571C5CBB6600376266 /* README in Resources */,
				EA8488DD1C590BDA00F4D705 /* calendar_nav@2x.png in Resources */,
				EAE086D31C562240007D699E /* testNav@2x.png in Resources */,
				EA8821781C608C4100376266 /* Icon-72.png in Resources */,
				EAE086DE1C562240007D699E /* SJSReadingViewController.xib in Resources */,
				EAE086BE1C562240007D699E /* 项目策划 in Resources */,
				EA8488E71C59100000F4D705 /* list_nav@3x.png in Resources */,
				EAE087111C5650CA007D699E /* search_tabbar.png in Resources */,
				EA8488E91C59100000F4D705 /* statistrics_nav@2x.png in Resources */,
				EA75FCA31C5A607E00B10E87 /* SJSStatistricsViewController.xib in Resources */,
				EA88215C1C5CBB6600376266 /* weekdaysBarView@2x.png in Resources */,
				EA8821881C608C4100376266 /* iTunesArtwork in Resources */,
				EA8488CC1C58F72600F4D705 /* SJSSearchViewController.xib in Resources */,
				EA88217D1C608C4100376266 /* Icon-iPadPro@2x.png in Resources */,
				EA8821821C608C4100376266 /* Icon-Small@3x.png in Resources */,
				EA8821801C608C4100376266 /* Icon-Small.png in Resources */,
			);
			runOnlyForDeploymentPostprocessing = 0;
		};
		EAE086681C5621AB007D699E /* Resources */ = {
			isa = PBXResourcesBuildPhase;
			buildActionMask = 2147483647;
			files = (
			);
			runOnlyForDeploymentPostprocessing = 0;
		};
/* End PBXResourcesBuildPhase section */

/* Begin PBXSourcesBuildPhase section */
		EAE0864D1C5621AB007D699E /* Sources */ = {
			isa = PBXSourcesBuildPhase;
			buildActionMask = 2147483647;
			files = (
				EAE086C91C562240007D699E /* old_cuvModel.m in Sources */,
				EAE086DD1C562240007D699E /* SJSReadingViewController.m in Sources */,
				EAE086F81C5629F9007D699E /* FMDatabase.m in Sources */,
				EAE086FA1C5629F9007D699E /* FMDatabasePool.m in Sources */,
				EA8821521C5CBB6600376266 /* JBUnitTileView.m in Sources */,
				EAE086FC1C5629F9007D699E /* FMResultSet.m in Sources */,
				EA8821511C5CBB6600376266 /* JBUnitGridView.m in Sources */,
				EAE086F91C5629F9007D699E /* FMDatabaseAdditions.m in Sources */,
				EAE086CB1C562240007D699E /* old_nivModel.m in Sources */,
				EA88214D1C5CBB6600376266 /* JBSXRCUnitTileView.m in Sources */,
				EA8821531C5CBB6600376266 /* JBUnitView.m in Sources */,
				EA8821501C5CBB6600376266 /* JBEventModel.m in Sources */,
				EA8488CB1C58F72600F4D705 /* SJSSearchViewController.m in Sources */,
				EAE086CA1C562240007D699E /* old_ncvModel.m in Sources */,
				EA8821581C5CBB6600376266 /* JBBasicFileManager.m in Sources */,
				EAE086BF1C562240007D699E /* DataFactory.m in Sources */,
				EAE086DF1C562240007D699E /* SJSSettingViewController.m in Sources */,
				EA8821591C5CBB6600376266 /* JBImageFileManager.m in Sources */,
				EAE086C71C562240007D699E /* new_ncvModel.m in Sources */,
				EA8488C61C58F70A00F4D705 /* SJSCollectionViewController.m in Sources */,
				EAE086FB1C5629F9007D699E /* FMDatabaseQueue.m in Sources */,
				EA8821541C5CBB6600376266 /* JBWeekdaysBarView.m in Sources */,
				EA8821561C5CBB6600376266 /* NSDate+Calendar.m in Sources */,
				EAE086C61C562240007D699E /* new_cuvModel.m in Sources */,
				EAE086D71C562240007D699E /* STabbar.m in Sources */,
				EA75FCA21C5A607E00B10E87 /* SJSStatistricsViewController.m in Sources */,
				EAE086D41C562240007D699E /* SNavigationBar.m in Sources */,
				EA88207F1C5B7FE000376266 /* HeadView.m in Sources */,
				EAE086CC1C562240007D699E /* SandboxFile.m in Sources */,
				EA88214E1C5CBB6600376266 /* JBCalendarDate.m in Sources */,
				EAE086E41C5622CE007D699E /* AppDelegate.m in Sources */,
				EAE086571C5621AB007D699E /* main.m in Sources */,
				EAE0871A1C565AC2007D699E /* PublicFunctions.m in Sources */,
				EA75FC9C1C5A5D8D00B10E87 /* SJSListViewController.m in Sources */,
				EA88215A1C5CBB6600376266 /* JBPlistFileManager.m in Sources */,
				EA88214F1C5CBB6600376266 /* JBCalendarLogic.m in Sources */,
				EAE086FD1C5629F9007D699E /* LKDaoBase.m in Sources */,
				EAE086D91C562240007D699E /* RootViewController.m in Sources */,
				EA8821931C60A40500376266 /* ReadPlistManager.m in Sources */,
				EAE086C81C562240007D699E /* new_nivModel.m in Sources */,
				EAE086E71C562375007D699E /* ViewController.m in Sources */,
				EA8821551C5CBB6600376266 /* LunarCalendar.m in Sources */,
			);
			runOnlyForDeploymentPostprocessing = 0;
		};
		EAE086661C5621AB007D699E /* Sources */ = {
			isa = PBXSourcesBuildPhase;
			buildActionMask = 2147483647;
			files = (
				EAE086711C5621AB007D699E /* Reading365Tests.m in Sources */,
			);
			runOnlyForDeploymentPostprocessing = 0;
		};
/* End PBXSourcesBuildPhase section */

/* Begin PBXTargetDependency section */
		EAE0866C1C5621AB007D699E /* PBXTargetDependency */ = {
			isa = PBXTargetDependency;
			target = EAE086501C5621AB007D699E /* Reading365 */;
			targetProxy = EAE0866B1C5621AB007D699E /* PBXContainerItemProxy */;
		};
/* End PBXTargetDependency section */

/* Begin PBXVariantGroup section */
		EAE0865E1C5621AB007D699E /* Main.storyboard */ = {
			isa = PBXVariantGroup;
			children = (
				EAE0865F1C5621AB007D699E /* Base */,
			);
			name = Main.storyboard;
			sourceTree = "<group>";
		};
		EAE086631C5621AB007D699E /* LaunchScreen.xib */ = {
			isa = PBXVariantGroup;
			children = (
				EAE086641C5621AB007D699E /* Base */,
			);
			name = LaunchScreen.xib;
			sourceTree = "<group>";
		};
/* End PBXVariantGroup section */

/* Begin XCBuildConfiguration section */
		EAE086721C5621AB007D699E /* Debug */ = {
			isa = XCBuildConfiguration;
			buildSettings = {
				ALWAYS_SEARCH_USER_PATHS = NO;
				CLANG_CXX_LANGUAGE_STANDARD = "gnu++0x";
				CLANG_CXX_LIBRARY = "libc++";
				CLANG_ENABLE_MODULES = YES;
				CLANG_ENABLE_OBJC_ARC = YES;
				CLANG_WARN_BOOL_CONVERSION = YES;
				CLANG_WARN_CONSTANT_CONVERSION = YES;
				CLANG_WARN_DIRECT_OBJC_ISA_USAGE = YES_ERROR;
				CLANG_WARN_EMPTY_BODY = YES;
				CLANG_WARN_ENUM_CONVERSION = YES;
				CLANG_WARN_INT_CONVERSION = YES;
				CLANG_WARN_OBJC_ROOT_CLASS = YES_ERROR;
				CLANG_WARN_UNREACHABLE_CODE = YES;
				CLANG_WARN__DUPLICATE_METHOD_MATCH = YES;
				CODE_SIGN_IDENTITY = "iPhone Developer: 1072466678@qq.com (W9GU9ZY8AQ)";
				"CODE_SIGN_IDENTITY[sdk=iphoneos*]" = "iPhone Developer: 1072466678@qq.com (W9GU9ZY8AQ)";
				COPY_PHASE_STRIP = NO;
				DEBUG_INFORMATION_FORMAT = "dwarf-with-dsym";
				ENABLE_STRICT_OBJC_MSGSEND = YES;
				GCC_C_LANGUAGE_STANDARD = gnu99;
				GCC_DYNAMIC_NO_PIC = NO;
				GCC_NO_COMMON_BLOCKS = YES;
				GCC_OPTIMIZATION_LEVEL = 0;
				GCC_PREPROCESSOR_DEFINITIONS = (
					"DEBUG=1",
					"$(inherited)",
				);
				GCC_SYMBOLS_PRIVATE_EXTERN = NO;
				GCC_WARN_64_TO_32_BIT_CONVERSION = YES;
				GCC_WARN_ABOUT_RETURN_TYPE = YES_ERROR;
				GCC_WARN_UNDECLARED_SELECTOR = YES;
				GCC_WARN_UNINITIALIZED_AUTOS = YES_AGGRESSIVE;
				GCC_WARN_UNUSED_FUNCTION = YES;
				GCC_WARN_UNUSED_VARIABLE = YES;
				IPHONEOS_DEPLOYMENT_TARGET = 8.4;
				MTL_ENABLE_DEBUG_INFO = YES;
				ONLY_ACTIVE_ARCH = YES;
				SDKROOT = iphoneos;
			};
			name = Debug;
		};
		EAE086731C5621AB007D699E /* Release */ = {
			isa = XCBuildConfiguration;
			buildSettings = {
				ALWAYS_SEARCH_USER_PATHS = NO;
				CLANG_CXX_LANGUAGE_STANDARD = "gnu++0x";
				CLANG_CXX_LIBRARY = "libc++";
				CLANG_ENABLE_MODULES = YES;
				CLANG_ENABLE_OBJC_ARC = YES;
				CLANG_WARN_BOOL_CONVERSION = YES;
				CLANG_WARN_CONSTANT_CONVERSION = YES;
				CLANG_WARN_DIRECT_OBJC_ISA_USAGE = YES_ERROR;
				CLANG_WARN_EMPTY_BODY = YES;
				CLANG_WARN_ENUM_CONVERSION = YES;
				CLANG_WARN_INT_CONVERSION = YES;
				CLANG_WARN_OBJC_ROOT_CLASS = YES_ERROR;
				CLANG_WARN_UNREACHABLE_CODE = YES;
				CLANG_WARN__DUPLICATE_METHOD_MATCH = YES;
				CODE_SIGN_IDENTITY = "iPhone Developer: 1072466678@qq.com (W9GU9ZY8AQ)";
				"CODE_SIGN_IDENTITY[sdk=iphoneos*]" = "iPhone Developer: 1072466678@qq.com (W9GU9ZY8AQ)";
				COPY_PHASE_STRIP = NO;
				DEBUG_INFORMATION_FORMAT = "dwarf-with-dsym";
				ENABLE_NS_ASSERTIONS = NO;
				ENABLE_STRICT_OBJC_MSGSEND = YES;
				GCC_C_LANGUAGE_STANDARD = gnu99;
				GCC_NO_COMMON_BLOCKS = YES;
				GCC_WARN_64_TO_32_BIT_CONVERSION = YES;
				GCC_WARN_ABOUT_RETURN_TYPE = YES_ERROR;
				GCC_WARN_UNDECLARED_SELECTOR = YES;
				GCC_WARN_UNINITIALIZED_AUTOS = YES_AGGRESSIVE;
				GCC_WARN_UNUSED_FUNCTION = YES;
				GCC_WARN_UNUSED_VARIABLE = YES;
				IPHONEOS_DEPLOYMENT_TARGET = 8.4;
				MTL_ENABLE_DEBUG_INFO = NO;
				SDKROOT = iphoneos;
				VALIDATE_PRODUCT = YES;
			};
			name = Release;
		};
		EAE086751C5621AB007D699E /* Debug */ = {
			isa = XCBuildConfiguration;
			buildSettings = {
				ASSETCATALOG_COMPILER_APPICON_NAME = AppIcon;
				CODE_SIGN_IDENTITY = "iPhone Developer: 1072466678@qq.com (W9GU9ZY8AQ)";
				"CODE_SIGN_IDENTITY[sdk=iphoneos*]" = "iPhone Developer: 1072466678@qq.com (W9GU9ZY8AQ)";
				INFOPLIST_FILE = Reading365/Info.plist;
				LD_RUNPATH_SEARCH_PATHS = "$(inherited) @executable_path/Frameworks";
				PRODUCT_NAME = "$(TARGET_NAME)";
				PROVISIONING_PROFILE = "";
			};
			name = Debug;
		};
		EAE086761C5621AB007D699E /* Release */ = {
			isa = XCBuildConfiguration;
			buildSettings = {
				ASSETCATALOG_COMPILER_APPICON_NAME = AppIcon;
				CODE_SIGN_IDENTITY = "iPhone Developer: 1072466678@qq.com (W9GU9ZY8AQ)";
				"CODE_SIGN_IDENTITY[sdk=iphoneos*]" = "iPhone Developer: 1072466678@qq.com (W9GU9ZY8AQ)";
				INFOPLIST_FILE = Reading365/Info.plist;
				LD_RUNPATH_SEARCH_PATHS = "$(inherited) @executable_path/Frameworks";
				PRODUCT_NAME = "$(TARGET_NAME)";
				PROVISIONING_PROFILE = "";
			};
			name = Release;
		};
		EAE086781C5621AB007D699E /* Debug */ = {
			isa = XCBuildConfiguration;
			buildSettings = {
				BUNDLE_LOADER = "$(TEST_HOST)";
				FRAMEWORK_SEARCH_PATHS = (
					"$(SDKROOT)/Developer/Library/Frameworks",
					"$(inherited)",
				);
				GCC_PREPROCESSOR_DEFINITIONS = (
					"DEBUG=1",
					"$(inherited)",
				);
				INFOPLIST_FILE = Reading365Tests/Info.plist;
				LD_RUNPATH_SEARCH_PATHS = "$(inherited) @executable_path/Frameworks @loader_path/Frameworks";
				PRODUCT_NAME = "$(TARGET_NAME)";
				TEST_HOST = "$(BUILT_PRODUCTS_DIR)/Reading365.app/Reading365";
			};
			name = Debug;
		};
		EAE086791C5621AB007D699E /* Release */ = {
			isa = XCBuildConfiguration;
			buildSettings = {
				BUNDLE_LOADER = "$(TEST_HOST)";
				FRAMEWORK_SEARCH_PATHS = (
					"$(SDKROOT)/Developer/Library/Frameworks",
					"$(inherited)",
				);
				INFOPLIST_FILE = Reading365Tests/Info.plist;
				LD_RUNPATH_SEARCH_PATHS = "$(inherited) @executable_path/Frameworks @loader_path/Frameworks";
				PRODUCT_NAME = "$(TARGET_NAME)";
				TEST_HOST = "$(BUILT_PRODUCTS_DIR)/Reading365.app/Reading365";
			};
			name = Release;
		};
/* End XCBuildConfiguration section */

/* Begin XCConfigurationList section */
		EAE0864C1C5621AB007D699E /* Build configuration list for PBXProject "Reading365" */ = {
			isa = XCConfigurationList;
			buildConfigurations = (
				EAE086721C5621AB007D699E /* Debug */,
				EAE086731C5621AB007D699E /* Release */,
			);
			defaultConfigurationIsVisible = 0;
			defaultConfigurationName = Release;
		};
		EAE086741C5621AB007D699E /* Build configuration list for PBXNativeTarget "Reading365" */ = {
			isa = XCConfigurationList;
			buildConfigurations = (
				EAE086751C5621AB007D699E /* Debug */,
				EAE086761C5621AB007D699E /* Release */,
			);
			defaultConfigurationIsVisible = 0;
			defaultConfigurationName = Release;
		};
		EAE086771C5621AB007D699E /* Build configuration list for PBXNativeTarget "Reading365Tests" */ = {
			isa = XCConfigurationList;
			buildConfigurations = (
				EAE086781C5621AB007D699E /* Debug */,
				EAE086791C5621AB007D699E /* Release */,
			);
			defaultConfigurationIsVisible = 0;
			defaultConfigurationName = Release;
		};
/* End XCConfigurationList section */
	};
	rootObject = EAE086491C5621AB007D699E /* Project object */;
}
